// !$*UTF8*$!
{
	archiveVersion = 1;
	classes = {
	};
	objectVersion = 48;
	objects = {

/* Begin PBXBuildFile section */
		274CC725C5FA2E95D0D6CA4D /* libPods-HuaHong.a in Frameworks */ = {isa = PBXBuildFile; fileRef = 3B52946878D5292B5E50EB86 /* libPods-HuaHong.a */; };
		7D0DA8351FC50D7000774E40 /* AppDelegate.m in Sources */ = {isa = PBXBuildFile; fileRef = 7D0DA8341FC50D7000774E40 /* AppDelegate.m */; };
		7D0DA83E1FC50D7000774E40 /* HuaHong.xcdatamodeld in Sources */ = {isa = PBXBuildFile; fileRef = 7D0DA83C1FC50D7000774E40 /* HuaHong.xcdatamodeld */; };
		7D0DA8401FC50D7000774E40 /* Assets.xcassets in Resources */ = {isa = PBXBuildFile; fileRef = 7D0DA83F1FC50D7000774E40 /* Assets.xcassets */; };
		7D0DA8461FC50D7000774E40 /* main.m in Sources */ = {isa = PBXBuildFile; fileRef = 7D0DA8451FC50D7000774E40 /* main.m */; };
		7D3623DF1FCE4DA000C77874 /* NavigationController.m in Sources */ = {isa = PBXBuildFile; fileRef = 7D3623DD1FCE4DA000C77874 /* NavigationController.m */; };
		7D3623E01FCE4DA000C77874 /* TabBarViewController.m in Sources */ = {isa = PBXBuildFile; fileRef = 7D3623DE1FCE4DA000C77874 /* TabBarViewController.m */; };
		7D88EE1E1FC7EAC200CC76FE /* MapViewController.m in Sources */ = {isa = PBXBuildFile; fileRef = 7D88EE1D1FC7EAC200CC76FE /* MapViewController.m */; };
		7D88EE211FC8076B00CC76FE /* BaseViewController.m in Sources */ = {isa = PBXBuildFile; fileRef = 7D88EE201FC8076B00CC76FE /* BaseViewController.m */; };
		7D88EE241FC80BE400CC76FE /* UINavigationController+BackButtonHandler.m in Sources */ = {isa = PBXBuildFile; fileRef = 7D88EE231FC80BE400CC76FE /* UINavigationController+BackButtonHandler.m */; };
		7D88EE271FC8118700CC76FE /* UIViewController+ShouldPopOnBackButton.m in Sources */ = {isa = PBXBuildFile; fileRef = 7D88EE261FC8118700CC76FE /* UIViewController+ShouldPopOnBackButton.m */; };
		7DE8D57D1FC527F000577762 /* HomeVC.m in Sources */ = {isa = PBXBuildFile; fileRef = 7DE8D57C1FC527F000577762 /* HomeVC.m */; };
		7DE8D5801FC5485500577762 /* GongNengVC.m in Sources */ = {isa = PBXBuildFile; fileRef = 7DE8D57F1FC5485500577762 /* GongNengVC.m */; };
		7DE8D5831FC5493300577762 /* KongJianVC.m in Sources */ = {isa = PBXBuildFile; fileRef = 7DE8D5821FC5493300577762 /* KongJianVC.m */; };
		7DE8D5861FC556DE00577762 /* Storyboard.storyboard in Resources */ = {isa = PBXBuildFile; fileRef = 7DE8D5851FC556DE00577762 /* Storyboard.storyboard */; };
		7DE8D5921FC576ED00577762 /* UIViewExt.m in Sources */ = {isa = PBXBuildFile; fileRef = 7DE8D58E1FC576ED00577762 /* UIViewExt.m */; };
		7DE8D5931FC576ED00577762 /* Utils.m in Sources */ = {isa = PBXBuildFile; fileRef = 7DE8D5901FC576ED00577762 /* Utils.m */; };
		7DE8D5961FC5773300577762 /* DesUtil.m in Sources */ = {isa = PBXBuildFile; fileRef = 7DE8D5951FC5773300577762 /* DesUtil.m */; };
		7DE8D59F1FC57D4400577762 /* NSString+IdentityCard.m in Sources */ = {isa = PBXBuildFile; fileRef = 7DE8D59E1FC57D4400577762 /* NSString+IdentityCard.m */; };
		7DE8D5A21FC69BB800577762 /* UILabel+autoReSize.m in Sources */ = {isa = PBXBuildFile; fileRef = 7DE8D5A11FC69BB800577762 /* UILabel+autoReSize.m */; };
		7DE8D5A71FC6B73600577762 /* home.plist in Resources */ = {isa = PBXBuildFile; fileRef = 7DE8D5A61FC6B73600577762 /* home.plist */; };
		7DE8D5AC1FC6D1B900577762 /* LocationManager.m in Sources */ = {isa = PBXBuildFile; fileRef = 7DE8D5AB1FC6D1B900577762 /* LocationManager.m */; };
		7DFB1BA61FCE937C0033D9E2 /* CollectionHeadView.m in Sources */ = {isa = PBXBuildFile; fileRef = 7DFB1BA51FCE937C0033D9E2 /* CollectionHeadView.m */; };
		7DFB1BA91FCE94380033D9E2 /* FlowLayout.m in Sources */ = {isa = PBXBuildFile; fileRef = 7DFB1BA81FCE94380033D9E2 /* FlowLayout.m */; };
		7DFB1BD81FCFD27E0033D9E2 /* WaterFallLayout.m in Sources */ = {isa = PBXBuildFile; fileRef = 7DFB1BD71FCFD27E0033D9E2 /* WaterFallLayout.m */; };
		7DFB1BDC1FCFD4580033D9E2 /* UpLoadViewController.m in Sources */ = {isa = PBXBuildFile; fileRef = 7DFB1BDB1FCFD4580033D9E2 /* UpLoadViewController.m */; };
		7DFB1BDF1FCFDDB30033D9E2 /* WaterFallController.m in Sources */ = {isa = PBXBuildFile; fileRef = 7DFB1BDE1FCFDDB30033D9E2 /* WaterFallController.m */; };
		7DFB1BE31FCFE2420033D9E2 /* LightSinceController.m in Sources */ = {isa = PBXBuildFile; fileRef = 7DFB1BE21FCFE2420033D9E2 /* LightSinceController.m */; };
		7DFB1BE61FCFE6EB0033D9E2 /* ThreeDTouchController.m in Sources */ = {isa = PBXBuildFile; fileRef = 7DFB1BE51FCFE6EB0033D9E2 /* ThreeDTouchController.m */; };
		7DFB1BE91FCFE8390033D9E2 /* presentViewController.m in Sources */ = {isa = PBXBuildFile; fileRef = 7DFB1BE81FCFE8390033D9E2 /* presentViewController.m */; };
/* End PBXBuildFile section */

/* Begin PBXFileReference section */
		3B52946878D5292B5E50EB86 /* libPods-HuaHong.a */ = {isa = PBXFileReference; explicitFileType = archive.ar; includeInIndex = 0; path = "libPods-HuaHong.a"; sourceTree = BUILT_PRODUCTS_DIR; };
		6696974C8B0A708887FDD327 /* Pods-HuaHong.release.xcconfig */ = {isa = PBXFileReference; includeInIndex = 1; lastKnownFileType = text.xcconfig; name = "Pods-HuaHong.release.xcconfig"; path = "Pods/Target Support Files/Pods-HuaHong/Pods-HuaHong.release.xcconfig"; sourceTree = "<group>"; };
		7D0DA8301FC50D7000774E40 /* HuaHong.app */ = {isa = PBXFileReference; explicitFileType = wrapper.application; includeInIndex = 0; path = HuaHong.app; sourceTree = BUILT_PRODUCTS_DIR; };
		7D0DA8331FC50D7000774E40 /* AppDelegate.h */ = {isa = PBXFileReference; lastKnownFileType = sourcecode.c.h; path = AppDelegate.h; sourceTree = "<group>"; };
		7D0DA8341FC50D7000774E40 /* AppDelegate.m */ = {isa = PBXFileReference; lastKnownFileType = sourcecode.c.objc; path = AppDelegate.m; sourceTree = "<group>"; };
		7D0DA83D1FC50D7000774E40 /* HuaHong.xcdatamodel */ = {isa = PBXFileReference; lastKnownFileType = wrapper.xcdatamodel; path = HuaHong.xcdatamodel; sourceTree = "<group>"; };
		7D0DA83F1FC50D7000774E40 /* Assets.xcassets */ = {isa = PBXFileReference; lastKnownFileType = folder.assetcatalog; path = Assets.xcassets; sourceTree = "<group>"; };
		7D0DA8441FC50D7000774E40 /* Info.plist */ = {isa = PBXFileReference; lastKnownFileType = text.plist.xml; path = Info.plist; sourceTree = "<group>"; };
		7D0DA8451FC50D7000774E40 /* main.m */ = {isa = PBXFileReference; lastKnownFileType = sourcecode.c.objc; path = main.m; sourceTree = "<group>"; };
		7D3623DB1FCE4DA000C77874 /* NavigationController.h */ = {isa = PBXFileReference; fileEncoding = 4; lastKnownFileType = sourcecode.c.h; path = NavigationController.h; sourceTree = "<group>"; };
		7D3623DC1FCE4DA000C77874 /* TabBarViewController.h */ = {isa = PBXFileReference; fileEncoding = 4; lastKnownFileType = sourcecode.c.h; path = TabBarViewController.h; sourceTree = "<group>"; };
		7D3623DD1FCE4DA000C77874 /* NavigationController.m */ = {isa = PBXFileReference; fileEncoding = 4; lastKnownFileType = sourcecode.c.objc; path = NavigationController.m; sourceTree = "<group>"; };
		7D3623DE1FCE4DA000C77874 /* TabBarViewController.m */ = {isa = PBXFileReference; fileEncoding = 4; lastKnownFileType = sourcecode.c.objc; path = TabBarViewController.m; sourceTree = "<group>"; };
		7D88EE1C1FC7EAC200CC76FE /* MapViewController.h */ = {isa = PBXFileReference; lastKnownFileType = sourcecode.c.h; path = MapViewController.h; sourceTree = "<group>"; };
		7D88EE1D1FC7EAC200CC76FE /* MapViewController.m */ = {isa = PBXFileReference; lastKnownFileType = sourcecode.c.objc; path = MapViewController.m; sourceTree = "<group>"; };
		7D88EE1F1FC8076B00CC76FE /* BaseViewController.h */ = {isa = PBXFileReference; lastKnownFileType = sourcecode.c.h; path = BaseViewController.h; sourceTree = "<group>"; };
		7D88EE201FC8076B00CC76FE /* BaseViewController.m */ = {isa = PBXFileReference; lastKnownFileType = sourcecode.c.objc; path = BaseViewController.m; sourceTree = "<group>"; };
		7D88EE221FC80BE400CC76FE /* UINavigationController+BackButtonHandler.h */ = {isa = PBXFileReference; lastKnownFileType = sourcecode.c.h; path = "UINavigationController+BackButtonHandler.h"; sourceTree = "<group>"; };
		7D88EE231FC80BE400CC76FE /* UINavigationController+BackButtonHandler.m */ = {isa = PBXFileReference; lastKnownFileType = sourcecode.c.objc; path = "UINavigationController+BackButtonHandler.m"; sourceTree = "<group>"; };
		7D88EE251FC8118700CC76FE /* UIViewController+ShouldPopOnBackButton.h */ = {isa = PBXFileReference; lastKnownFileType = sourcecode.c.h; path = "UIViewController+ShouldPopOnBackButton.h"; sourceTree = "<group>"; };
		7D88EE261FC8118700CC76FE /* UIViewController+ShouldPopOnBackButton.m */ = {isa = PBXFileReference; lastKnownFileType = sourcecode.c.objc; path = "UIViewController+ShouldPopOnBackButton.m"; sourceTree = "<group>"; };
		7DE8D57B1FC527F000577762 /* HomeVC.h */ = {isa = PBXFileReference; lastKnownFileType = sourcecode.c.h; path = HomeVC.h; sourceTree = "<group>"; };
		7DE8D57C1FC527F000577762 /* HomeVC.m */ = {isa = PBXFileReference; lastKnownFileType = sourcecode.c.objc; path = HomeVC.m; sourceTree = "<group>"; };
		7DE8D57E1FC5485500577762 /* GongNengVC.h */ = {isa = PBXFileReference; lastKnownFileType = sourcecode.c.h; path = GongNengVC.h; sourceTree = "<group>"; };
		7DE8D57F1FC5485500577762 /* GongNengVC.m */ = {isa = PBXFileReference; lastKnownFileType = sourcecode.c.objc; path = GongNengVC.m; sourceTree = "<group>"; };
		7DE8D5811FC5493300577762 /* KongJianVC.h */ = {isa = PBXFileReference; lastKnownFileType = sourcecode.c.h; path = KongJianVC.h; sourceTree = "<group>"; };
		7DE8D5821FC5493300577762 /* KongJianVC.m */ = {isa = PBXFileReference; lastKnownFileType = sourcecode.c.objc; path = KongJianVC.m; sourceTree = "<group>"; };
		7DE8D5841FC54FDF00577762 /* HuaHong.pch */ = {isa = PBXFileReference; lastKnownFileType = sourcecode.c.h; path = HuaHong.pch; sourceTree = "<group>"; };
		7DE8D5851FC556DE00577762 /* Storyboard.storyboard */ = {isa = PBXFileReference; lastKnownFileType = file.storyboard; path = Storyboard.storyboard; sourceTree = "<group>"; };
		7DE8D5891FC55A6C00577762 /* UtilsMacro.h */ = {isa = PBXFileReference; lastKnownFileType = sourcecode.c.h; path = UtilsMacro.h; sourceTree = "<group>"; };
		7DE8D58D1FC576ED00577762 /* UIViewExt.h */ = {isa = PBXFileReference; fileEncoding = 4; lastKnownFileType = sourcecode.c.h; path = UIViewExt.h; sourceTree = "<group>"; };
		7DE8D58E1FC576ED00577762 /* UIViewExt.m */ = {isa = PBXFileReference; fileEncoding = 4; lastKnownFileType = sourcecode.c.objc; path = UIViewExt.m; sourceTree = "<group>"; };
		7DE8D58F1FC576ED00577762 /* Utils.h */ = {isa = PBXFileReference; fileEncoding = 4; lastKnownFileType = sourcecode.c.h; path = Utils.h; sourceTree = "<group>"; };
		7DE8D5901FC576ED00577762 /* Utils.m */ = {isa = PBXFileReference; fileEncoding = 4; lastKnownFileType = sourcecode.c.objc; path = Utils.m; sourceTree = "<group>"; };
		7DE8D5941FC5773300577762 /* DesUtil.h */ = {isa = PBXFileReference; fileEncoding = 4; lastKnownFileType = sourcecode.c.h; path = DesUtil.h; sourceTree = "<group>"; };
		7DE8D5951FC5773300577762 /* DesUtil.m */ = {isa = PBXFileReference; fileEncoding = 4; lastKnownFileType = sourcecode.c.objc; path = DesUtil.m; sourceTree = "<group>"; };
		7DE8D59D1FC57D4400577762 /* NSString+IdentityCard.h */ = {isa = PBXFileReference; fileEncoding = 4; lastKnownFileType = sourcecode.c.h; path = "NSString+IdentityCard.h"; sourceTree = "<group>"; };
		7DE8D59E1FC57D4400577762 /* NSString+IdentityCard.m */ = {isa = PBXFileReference; fileEncoding = 4; lastKnownFileType = sourcecode.c.objc; path = "NSString+IdentityCard.m"; sourceTree = "<group>"; };
		7DE8D5A01FC69BB800577762 /* UILabel+autoReSize.h */ = {isa = PBXFileReference; fileEncoding = 4; lastKnownFileType = sourcecode.c.h; path = "UILabel+autoReSize.h"; sourceTree = "<group>"; };
		7DE8D5A11FC69BB800577762 /* UILabel+autoReSize.m */ = {isa = PBXFileReference; fileEncoding = 4; lastKnownFileType = sourcecode.c.objc; path = "UILabel+autoReSize.m"; sourceTree = "<group>"; };
		7DE8D5A61FC6B73600577762 /* home.plist */ = {isa = PBXFileReference; lastKnownFileType = text.plist.xml; path = home.plist; sourceTree = "<group>"; };
		7DE8D5AA1FC6D1B900577762 /* LocationManager.h */ = {isa = PBXFileReference; lastKnownFileType = sourcecode.c.h; path = LocationManager.h; sourceTree = "<group>"; };
		7DE8D5AB1FC6D1B900577762 /* LocationManager.m */ = {isa = PBXFileReference; lastKnownFileType = sourcecode.c.objc; path = LocationManager.m; sourceTree = "<group>"; };
		7DFB1BA41FCE937C0033D9E2 /* CollectionHeadView.h */ = {isa = PBXFileReference; lastKnownFileType = sourcecode.c.h; path = CollectionHeadView.h; sourceTree = "<group>"; };
		7DFB1BA51FCE937C0033D9E2 /* CollectionHeadView.m */ = {isa = PBXFileReference; lastKnownFileType = sourcecode.c.objc; path = CollectionHeadView.m; sourceTree = "<group>"; };
		7DFB1BA71FCE94380033D9E2 /* FlowLayout.h */ = {isa = PBXFileReference; lastKnownFileType = sourcecode.c.h; path = FlowLayout.h; sourceTree = "<group>"; };
		7DFB1BA81FCE94380033D9E2 /* FlowLayout.m */ = {isa = PBXFileReference; lastKnownFileType = sourcecode.c.objc; path = FlowLayout.m; sourceTree = "<group>"; };
		7DFB1BD61FCFD27E0033D9E2 /* WaterFallLayout.h */ = {isa = PBXFileReference; lastKnownFileType = sourcecode.c.h; path = WaterFallLayout.h; sourceTree = "<group>"; };
		7DFB1BD71FCFD27E0033D9E2 /* WaterFallLayout.m */ = {isa = PBXFileReference; lastKnownFileType = sourcecode.c.objc; path = WaterFallLayout.m; sourceTree = "<group>"; };
		7DFB1BDA1FCFD4580033D9E2 /* UpLoadViewController.h */ = {isa = PBXFileReference; lastKnownFileType = sourcecode.c.h; path = UpLoadViewController.h; sourceTree = "<group>"; };
		7DFB1BDB1FCFD4580033D9E2 /* UpLoadViewController.m */ = {isa = PBXFileReference; lastKnownFileType = sourcecode.c.objc; path = UpLoadViewController.m; sourceTree = "<group>"; };
		7DFB1BDD1FCFDDB30033D9E2 /* WaterFallController.h */ = {isa = PBXFileReference; lastKnownFileType = sourcecode.c.h; path = WaterFallController.h; sourceTree = "<group>"; };
		7DFB1BDE1FCFDDB30033D9E2 /* WaterFallController.m */ = {isa = PBXFileReference; lastKnownFileType = sourcecode.c.objc; path = WaterFallController.m; sourceTree = "<group>"; };
		7DFB1BE11FCFE2420033D9E2 /* LightSinceController.h */ = {isa = PBXFileReference; lastKnownFileType = sourcecode.c.h; path = LightSinceController.h; sourceTree = "<group>"; };
		7DFB1BE21FCFE2420033D9E2 /* LightSinceController.m */ = {isa = PBXFileReference; lastKnownFileType = sourcecode.c.objc; path = LightSinceController.m; sourceTree = "<group>"; };
		7DFB1BE41FCFE6EB0033D9E2 /* ThreeDTouchController.h */ = {isa = PBXFileReference; lastKnownFileType = sourcecode.c.h; path = ThreeDTouchController.h; sourceTree = "<group>"; };
		7DFB1BE51FCFE6EB0033D9E2 /* ThreeDTouchController.m */ = {isa = PBXFileReference; lastKnownFileType = sourcecode.c.objc; path = ThreeDTouchController.m; sourceTree = "<group>"; };
		7DFB1BE71FCFE8390033D9E2 /* presentViewController.h */ = {isa = PBXFileReference; lastKnownFileType = sourcecode.c.h; path = presentViewController.h; sourceTree = "<group>"; };
		7DFB1BE81FCFE8390033D9E2 /* presentViewController.m */ = {isa = PBXFileReference; lastKnownFileType = sourcecode.c.objc; path = presentViewController.m; sourceTree = "<group>"; };
		9AB1874EA98924911D4A28EB /* Pods-HuaHong.debug.xcconfig */ = {isa = PBXFileReference; includeInIndex = 1; lastKnownFileType = text.xcconfig; name = "Pods-HuaHong.debug.xcconfig"; path = "Pods/Target Support Files/Pods-HuaHong/Pods-HuaHong.debug.xcconfig"; sourceTree = "<group>"; };
/* End PBXFileReference section */

/* Begin PBXFrameworksBuildPhase section */
		7D0DA82D1FC50D7000774E40 /* Frameworks */ = {
			isa = PBXFrameworksBuildPhase;
			buildActionMask = 2147483647;
			files = (
				274CC725C5FA2E95D0D6CA4D /* libPods-HuaHong.a in Frameworks */,
			);
			runOnlyForDeploymentPostprocessing = 0;
		};
/* End PBXFrameworksBuildPhase section */

/* Begin PBXGroup section */
		7D0DA8271FC50D7000774E40 = {
			isa = PBXGroup;
			children = (
				7D0DA8321FC50D7000774E40 /* HuaHong */,
				7D0DA8311FC50D7000774E40 /* Products */,
				A3E05E8260C4D86AEAF6644D /* Pods */,
				C0F58A3743C28E2FADB6F68F /* Frameworks */,
			);
			sourceTree = "<group>";
		};
		7D0DA8311FC50D7000774E40 /* Products */ = {
			isa = PBXGroup;
			children = (
				7D0DA8301FC50D7000774E40 /* HuaHong.app */,
			);
			name = Products;
			sourceTree = "<group>";
		};
		7D0DA8321FC50D7000774E40 /* HuaHong */ = {
			isa = PBXGroup;
			children = (
				7DFB1BE01FCFE2220033D9E2 /* 传感器 */,
				7DFB1BA31FCE93360033D9E2 /* 首页 */,
				7D0DA8331FC50D7000774E40 /* AppDelegate.h */,
				7D0DA8341FC50D7000774E40 /* AppDelegate.m */,
				7D88EE1F1FC8076B00CC76FE /* BaseViewController.h */,
				7D88EE201FC8076B00CC76FE /* BaseViewController.m */,
				7DE8D57E1FC5485500577762 /* GongNengVC.h */,
				7DE8D57F1FC5485500577762 /* GongNengVC.m */,
				7DE8D5811FC5493300577762 /* KongJianVC.h */,
				7DE8D5821FC5493300577762 /* KongJianVC.m */,
				7DFB1BD91FCFD4440033D9E2 /* NetWork */,
				7DFB1BD51FCFD2480033D9E2 /* WaterFall */,
				7D3623DA1FCE4DA000C77874 /* Custom */,
				7DE8D5A91FC6D12F00577762 /* 定位 */,
				7DE8D5851FC556DE00577762 /* Storyboard.storyboard */,
				7DE8D58A1FC576ED00577762 /* Catagory */,
				7D0DA83F1FC50D7000774E40 /* Assets.xcassets */,
				7DE8D5841FC54FDF00577762 /* HuaHong.pch */,
				7D3623E11FCE51B400C77874 /* Common */,
				7D0DA8441FC50D7000774E40 /* Info.plist */,
				7D0DA8451FC50D7000774E40 /* main.m */,
				7D0DA83C1FC50D7000774E40 /* HuaHong.xcdatamodeld */,
			);
			path = HuaHong;
			sourceTree = "<group>";
		};
		7D3623DA1FCE4DA000C77874 /* Custom */ = {
			isa = PBXGroup;
			children = (
				7D3623DB1FCE4DA000C77874 /* NavigationController.h */,
				7D3623DD1FCE4DA000C77874 /* NavigationController.m */,
				7D3623DC1FCE4DA000C77874 /* TabBarViewController.h */,
				7D3623DE1FCE4DA000C77874 /* TabBarViewController.m */,
				7D88EE221FC80BE400CC76FE /* UINavigationController+BackButtonHandler.h */,
				7D88EE231FC80BE400CC76FE /* UINavigationController+BackButtonHandler.m */,
				7D88EE251FC8118700CC76FE /* UIViewController+ShouldPopOnBackButton.h */,
				7D88EE261FC8118700CC76FE /* UIViewController+ShouldPopOnBackButton.m */,
			);
			path = Custom;
			sourceTree = "<group>";
		};
		7D3623E11FCE51B400C77874 /* Common */ = {
			isa = PBXGroup;
			children = (
				7DE8D5891FC55A6C00577762 /* UtilsMacro.h */,
				7DE8D5A61FC6B73600577762 /* home.plist */,
				7DE8D58F1FC576ED00577762 /* Utils.h */,
				7DE8D5901FC576ED00577762 /* Utils.m */,
				7DE8D5941FC5773300577762 /* DesUtil.h */,
				7DE8D5951FC5773300577762 /* DesUtil.m */,
			);
			path = Common;
			sourceTree = "<group>";
		};
		7DE8D58A1FC576ED00577762 /* Catagory */ = {
			isa = PBXGroup;
			children = (
				7DE8D5A01FC69BB800577762 /* UILabel+autoReSize.h */,
				7DE8D5A11FC69BB800577762 /* UILabel+autoReSize.m */,
				7DE8D59D1FC57D4400577762 /* NSString+IdentityCard.h */,
				7DE8D59E1FC57D4400577762 /* NSString+IdentityCard.m */,
				7DE8D58D1FC576ED00577762 /* UIViewExt.h */,
				7DE8D58E1FC576ED00577762 /* UIViewExt.m */,
			);
			path = Catagory;
			sourceTree = "<group>";
		};
		7DE8D5A91FC6D12F00577762 /* 定位 */ = {
			isa = PBXGroup;
			children = (
				7DE8D5AA1FC6D1B900577762 /* LocationManager.h */,
				7DE8D5AB1FC6D1B900577762 /* LocationManager.m */,
				7D88EE1C1FC7EAC200CC76FE /* MapViewController.h */,
				7D88EE1D1FC7EAC200CC76FE /* MapViewController.m */,
			);
			path = "定位";
			sourceTree = "<group>";
		};
		7DFB1BA31FCE93360033D9E2 /* 首页 */ = {
			isa = PBXGroup;
			children = (
				7DE8D57B1FC527F000577762 /* HomeVC.h */,
				7DE8D57C1FC527F000577762 /* HomeVC.m */,
				7DFB1BA41FCE937C0033D9E2 /* CollectionHeadView.h */,
				7DFB1BA51FCE937C0033D9E2 /* CollectionHeadView.m */,
				7DFB1BA71FCE94380033D9E2 /* FlowLayout.h */,
				7DFB1BA81FCE94380033D9E2 /* FlowLayout.m */,
			);
			path = "首页";
			sourceTree = "<group>";
		};
		7DFB1BD51FCFD2480033D9E2 /* WaterFall */ = {
			isa = PBXGroup;
			children = (
				7DFB1BD61FCFD27E0033D9E2 /* WaterFallLayout.h */,
				7DFB1BD71FCFD27E0033D9E2 /* WaterFallLayout.m */,
				7DFB1BDD1FCFDDB30033D9E2 /* WaterFallController.h */,
				7DFB1BDE1FCFDDB30033D9E2 /* WaterFallController.m */,
			);
			path = WaterFall;
			sourceTree = "<group>";
		};
		7DFB1BD91FCFD4440033D9E2 /* NetWork */ = {
			isa = PBXGroup;
			children = (
				7DFB1BDA1FCFD4580033D9E2 /* UpLoadViewController.h */,
				7DFB1BDB1FCFD4580033D9E2 /* UpLoadViewController.m */,
			);
			path = NetWork;
			sourceTree = "<group>";
		};
		7DFB1BE01FCFE2220033D9E2 /* 传感器 */ = {
			isa = PBXGroup;
			children = (
				7DFB1BE11FCFE2420033D9E2 /* LightSinceController.h */,
				7DFB1BE21FCFE2420033D9E2 /* LightSinceController.m */,
				7DFB1BE41FCFE6EB0033D9E2 /* ThreeDTouchController.h */,
				7DFB1BE51FCFE6EB0033D9E2 /* ThreeDTouchController.m */,
				7DFB1BE71FCFE8390033D9E2 /* presentViewController.h */,
				7DFB1BE81FCFE8390033D9E2 /* presentViewController.m */,
			);
			path = "传感器";
			sourceTree = "<group>";
		};
		A3E05E8260C4D86AEAF6644D /* Pods */ = {
			isa = PBXGroup;
			children = (
				9AB1874EA98924911D4A28EB /* Pods-HuaHong.debug.xcconfig */,
				6696974C8B0A708887FDD327 /* Pods-HuaHong.release.xcconfig */,
			);
			name = Pods;
			sourceTree = "<group>";
		};
		C0F58A3743C28E2FADB6F68F /* Frameworks */ = {
			isa = PBXGroup;
			children = (
				3B52946878D5292B5E50EB86 /* libPods-HuaHong.a */,
			);
			name = Frameworks;
			sourceTree = "<group>";
		};
/* End PBXGroup section */

/* Begin PBXNativeTarget section */
		7D0DA82F1FC50D7000774E40 /* HuaHong */ = {
			isa = PBXNativeTarget;
			buildConfigurationList = 7D0DA8491FC50D7000774E40 /* Build configuration list for PBXNativeTarget "HuaHong" */;
			buildPhases = (
				5005276F3D96BCC92D0E51DF /* [CP] Check Pods Manifest.lock */,
				7D0DA82C1FC50D7000774E40 /* Sources */,
				7D0DA82D1FC50D7000774E40 /* Frameworks */,
				7D0DA82E1FC50D7000774E40 /* Resources */,
				898847096188163B74DF253D /* [CP] Embed Pods Frameworks */,
				82BBFF3B4CCC452186D8780B /* [CP] Copy Pods Resources */,
			);
			buildRules = (
			);
			dependencies = (
			);
			name = HuaHong;
			productName = HuaHong;
			productReference = 7D0DA8301FC50D7000774E40 /* HuaHong.app */;
			productType = "com.apple.product-type.application";
		};
/* End PBXNativeTarget section */

/* Begin PBXProject section */
		7D0DA8281FC50D7000774E40 /* Project object */ = {
			isa = PBXProject;
			attributes = {
				LastUpgradeCheck = 0910;
				ORGANIZATIONNAME = huahong;
				TargetAttributes = {
					7D0DA82F1FC50D7000774E40 = {
						CreatedOnToolsVersion = 9.1;
						ProvisioningStyle = Manual;
						SystemCapabilities = {
							com.apple.BackgroundModes = {
								enabled = 1;
							};
						};
					};
				};
			};
			buildConfigurationList = 7D0DA82B1FC50D7000774E40 /* Build configuration list for PBXProject "HuaHong" */;
			compatibilityVersion = "Xcode 8.0";
			developmentRegion = en;
			hasScannedForEncodings = 0;
			knownRegions = (
				en,
				Base,
			);
			mainGroup = 7D0DA8271FC50D7000774E40;
			productRefGroup = 7D0DA8311FC50D7000774E40 /* Products */;
			projectDirPath = "";
			projectRoot = "";
			targets = (
				7D0DA82F1FC50D7000774E40 /* HuaHong */,
			);
		};
/* End PBXProject section */

/* Begin PBXResourcesBuildPhase section */
		7D0DA82E1FC50D7000774E40 /* Resources */ = {
			isa = PBXResourcesBuildPhase;
			buildActionMask = 2147483647;
			files = (
				7D0DA8401FC50D7000774E40 /* Assets.xcassets in Resources */,
				7DE8D5861FC556DE00577762 /* Storyboard.storyboard in Resources */,
				7DE8D5A71FC6B73600577762 /* home.plist in Resources */,
			);
			runOnlyForDeploymentPostprocessing = 0;
		};
/* End PBXResourcesBuildPhase section */

/* Begin PBXShellScriptBuildPhase section */
		5005276F3D96BCC92D0E51DF /* [CP] Check Pods Manifest.lock */ = {
			isa = PBXShellScriptBuildPhase;
			buildActionMask = 2147483647;
			files = (
			);
			inputPaths = (
				"${PODS_PODFILE_DIR_PATH}/Podfile.lock",
				"${PODS_ROOT}/Manifest.lock",
			);
			name = "[CP] Check Pods Manifest.lock";
			outputPaths = (
				"$(DERIVED_FILE_DIR)/Pods-HuaHong-checkManifestLockResult.txt",
			);
			runOnlyForDeploymentPostprocessing = 0;
			shellPath = /bin/sh;
			shellScript = "diff \"${PODS_PODFILE_DIR_PATH}/Podfile.lock\" \"${PODS_ROOT}/Manifest.lock\" > /dev/null\nif [ $? != 0 ] ; then\n    # print error to STDERR\n    echo \"error: The sandbox is not in sync with the Podfile.lock. Run 'pod install' or update your CocoaPods installation.\" >&2\n    exit 1\nfi\n# This output is used by Xcode 'outputs' to avoid re-running this script phase.\necho \"SUCCESS\" > \"${SCRIPT_OUTPUT_FILE_0}\"\n";
			showEnvVarsInLog = 0;
		};
		82BBFF3B4CCC452186D8780B /* [CP] Copy Pods Resources */ = {
			isa = PBXShellScriptBuildPhase;
			buildActionMask = 2147483647;
			files = (
			);
			inputPaths = (
			);
			name = "[CP] Copy Pods Resources";
			outputPaths = (
			);
			runOnlyForDeploymentPostprocessing = 0;
			shellPath = /bin/sh;
			shellScript = "\"${SRCROOT}/Pods/Target Support Files/Pods-HuaHong/Pods-HuaHong-resources.sh\"\n";
			showEnvVarsInLog = 0;
		};
		898847096188163B74DF253D /* [CP] Embed Pods Frameworks */ = {
			isa = PBXShellScriptBuildPhase;
			buildActionMask = 2147483647;
			files = (
			);
			inputPaths = (
			);
			name = "[CP] Embed Pods Frameworks";
			outputPaths = (
			);
			runOnlyForDeploymentPostprocessing = 0;
			shellPath = /bin/sh;
			shellScript = "\"${SRCROOT}/Pods/Target Support Files/Pods-HuaHong/Pods-HuaHong-frameworks.sh\"\n";
			showEnvVarsInLog = 0;
		};
/* End PBXShellScriptBuildPhase section */

/* Begin PBXSourcesBuildPhase section */
		7D0DA82C1FC50D7000774E40 /* Sources */ = {
			isa = PBXSourcesBuildPhase;
			buildActionMask = 2147483647;
			files = (
				7D3623E01FCE4DA000C77874 /* TabBarViewController.m in Sources */,
				7DE8D5831FC5493300577762 /* KongJianVC.m in Sources */,
				7DE8D5A21FC69BB800577762 /* UILabel+autoReSize.m in Sources */,
				7D3623DF1FCE4DA000C77874 /* NavigationController.m in Sources */,
				7D0DA8351FC50D7000774E40 /* AppDelegate.m in Sources */,
				7DE8D5931FC576ED00577762 /* Utils.m in Sources */,
				7DFB1BD81FCFD27E0033D9E2 /* WaterFallLayout.m in Sources */,
				7DE8D5801FC5485500577762 /* GongNengVC.m in Sources */,
				7DE8D5921FC576ED00577762 /* UIViewExt.m in Sources */,
				7D88EE271FC8118700CC76FE /* UIViewController+ShouldPopOnBackButton.m in Sources */,
				7DFB1BA61FCE937C0033D9E2 /* CollectionHeadView.m in Sources */,
				7D88EE241FC80BE400CC76FE /* UINavigationController+BackButtonHandler.m in Sources */,
				7DE8D5961FC5773300577762 /* DesUtil.m in Sources */,
				7DE8D5AC1FC6D1B900577762 /* LocationManager.m in Sources */,
				7DFB1BDF1FCFDDB30033D9E2 /* WaterFallController.m in Sources */,
				7D88EE211FC8076B00CC76FE /* BaseViewController.m in Sources */,
				7DE8D59F1FC57D4400577762 /* NSString+IdentityCard.m in Sources */,
				7DE8D57D1FC527F000577762 /* HomeVC.m in Sources */,
				7D88EE1E1FC7EAC200CC76FE /* MapViewController.m in Sources */,
				7DFB1BA91FCE94380033D9E2 /* FlowLayout.m in Sources */,
				7D0DA8461FC50D7000774E40 /* main.m in Sources */,
				7DFB1BE61FCFE6EB0033D9E2 /* ThreeDTouchController.m in Sources */,
				7DFB1BE91FCFE8390033D9E2 /* presentViewController.m in Sources */,
				7D0DA83E1FC50D7000774E40 /* HuaHong.xcdatamodeld in Sources */,
				7DFB1BDC1FCFD4580033D9E2 /* UpLoadViewController.m in Sources */,
				7DFB1BE31FCFE2420033D9E2 /* LightSinceController.m in Sources */,
			);
			runOnlyForDeploymentPostprocessing = 0;
		};
/* End PBXSourcesBuildPhase section */

/* Begin XCBuildConfiguration section */
		7D0DA8471FC50D7000774E40 /* Debug */ = {
			isa = XCBuildConfiguration;
			buildSettings = {
				ALWAYS_SEARCH_USER_PATHS = NO;
				CLANG_ANALYZER_NONNULL = YES;
				CLANG_ANALYZER_NUMBER_OBJECT_CONVERSION = YES_AGGRESSIVE;
				CLANG_CXX_LANGUAGE_STANDARD = "gnu++14";
				CLANG_CXX_LIBRARY = "libc++";
				CLANG_ENABLE_MODULES = YES;
				CLANG_ENABLE_OBJC_ARC = YES;
				CLANG_WARN_BLOCK_CAPTURE_AUTORELEASING = YES;
				CLANG_WARN_BOOL_CONVERSION = YES;
				CLANG_WARN_COMMA = YES;
				CLANG_WARN_CONSTANT_CONVERSION = YES;
				CLANG_WARN_DIRECT_OBJC_ISA_USAGE = YES_ERROR;
				CLANG_WARN_DOCUMENTATION_COMMENTS = YES;
				CLANG_WARN_EMPTY_BODY = YES;
				CLANG_WARN_ENUM_CONVERSION = YES;
				CLANG_WARN_INFINITE_RECURSION = YES;
				CLANG_WARN_INT_CONVERSION = YES;
				CLANG_WARN_NON_LITERAL_NULL_CONVERSION = YES;
				CLANG_WARN_OBJC_LITERAL_CONVERSION = YES;
				CLANG_WARN_OBJC_ROOT_CLASS = YES_ERROR;
				CLANG_WARN_RANGE_LOOP_ANALYSIS = YES;
				CLANG_WARN_STRICT_PROTOTYPES = YES;
				CLANG_WARN_SUSPICIOUS_MOVE = YES;
				CLANG_WARN_UNGUARDED_AVAILABILITY = YES_AGGRESSIVE;
				CLANG_WARN_UNREACHABLE_CODE = YES;
				CLANG_WARN__DUPLICATE_METHOD_MATCH = YES;
				CODE_SIGN_IDENTITY = "iPhone Developer";
				COPY_PHASE_STRIP = NO;
				DEBUG_INFORMATION_FORMAT = dwarf;
				ENABLE_STRICT_OBJC_MSGSEND = YES;
				ENABLE_TESTABILITY = YES;
				GCC_C_LANGUAGE_STANDARD = gnu11;
				GCC_DYNAMIC_NO_PIC = NO;
				GCC_NO_COMMON_BLOCKS = YES;
				GCC_OPTIMIZATION_LEVEL = 0;
				GCC_PRECOMPILE_PREFIX_HEADER = YES;
				GCC_PREFIX_HEADER = "$(SRCROOT)/Huahong/Huahong/HuaHong.pch";
				GCC_PREPROCESSOR_DEFINITIONS = (
					"DEBUG=1",
					"$(inherited)",
				);
				GCC_WARN_64_TO_32_BIT_CONVERSION = YES;
				GCC_WARN_ABOUT_RETURN_TYPE = YES_ERROR;
				GCC_WARN_UNDECLARED_SELECTOR = YES;
				GCC_WARN_UNINITIALIZED_AUTOS = YES_AGGRESSIVE;
				GCC_WARN_UNUSED_FUNCTION = YES;
				GCC_WARN_UNUSED_VARIABLE = YES;
				IPHONEOS_DEPLOYMENT_TARGET = 8.0;
				MTL_ENABLE_DEBUG_INFO = YES;
				ONLY_ACTIVE_ARCH = YES;
				SDKROOT = iphoneos;
			};
			name = Debug;
		};
		7D0DA8481FC50D7000774E40 /* Release */ = {
			isa = XCBuildConfiguration;
			buildSettings = {
				ALWAYS_SEARCH_USER_PATHS = NO;
				CLANG_ANALYZER_NONNULL = YES;
				CLANG_ANALYZER_NUMBER_OBJECT_CONVERSION = YES_AGGRESSIVE;
				CLANG_CXX_LANGUAGE_STANDARD = "gnu++14";
				CLANG_CXX_LIBRARY = "libc++";
				CLANG_ENABLE_MODULES = YES;
				CLANG_ENABLE_OBJC_ARC = YES;
				CLANG_WARN_BLOCK_CAPTURE_AUTORELEASING = YES;
				CLANG_WARN_BOOL_CONVERSION = YES;
				CLANG_WARN_COMMA = YES;
				CLANG_WARN_CONSTANT_CONVERSION = YES;
				CLANG_WARN_DIRECT_OBJC_ISA_USAGE = YES_ERROR;
				CLANG_WARN_DOCUMENTATION_COMMENTS = YES;
				CLANG_WARN_EMPTY_BODY = YES;
				CLANG_WARN_ENUM_CONVERSION = YES;
				CLANG_WARN_INFINITE_RECURSION = YES;
				CLANG_WARN_INT_CONVERSION = YES;
				CLANG_WARN_NON_LITERAL_NULL_CONVERSION = YES;
				CLANG_WARN_OBJC_LITERAL_CONVERSION = YES;
				CLANG_WARN_OBJC_ROOT_CLASS = YES_ERROR;
				CLANG_WARN_RANGE_LOOP_ANALYSIS = YES;
				CLANG_WARN_STRICT_PROTOTYPES = YES;
				CLANG_WARN_SUSPICIOUS_MOVE = YES;
				CLANG_WARN_UNGUARDED_AVAILABILITY = YES_AGGRESSIVE;
				CLANG_WARN_UNREACHABLE_CODE = YES;
				CLANG_WARN__DUPLICATE_METHOD_MATCH = YES;
				CODE_SIGN_IDENTITY = "iPhone Developer";
				COPY_PHASE_STRIP = NO;
				DEBUG_INFORMATION_FORMAT = "dwarf-with-dsym";
				ENABLE_NS_ASSERTIONS = NO;
				ENABLE_STRICT_OBJC_MSGSEND = YES;
				GCC_C_LANGUAGE_STANDARD = gnu11;
				GCC_NO_COMMON_BLOCKS = YES;
				GCC_PRECOMPILE_PREFIX_HEADER = YES;
				GCC_PREFIX_HEADER = "$(SRCROOT)/Huahong/Huahong/HuaHong.pch";
				GCC_WARN_64_TO_32_BIT_CONVERSION = YES;
				GCC_WARN_ABOUT_RETURN_TYPE = YES_ERROR;
				GCC_WARN_UNDECLARED_SELECTOR = YES;
				GCC_WARN_UNINITIALIZED_AUTOS = YES_AGGRESSIVE;
				GCC_WARN_UNUSED_FUNCTION = YES;
				GCC_WARN_UNUSED_VARIABLE = YES;
				IPHONEOS_DEPLOYMENT_TARGET = 8.0;
				MTL_ENABLE_DEBUG_INFO = NO;
				SDKROOT = iphoneos;
				VALIDATE_PRODUCT = YES;
			};
			name = Release;
		};
		7D0DA84A1FC50D7000774E40 /* Debug */ = {
			isa = XCBuildConfiguration;
			baseConfigurationReference = 9AB1874EA98924911D4A28EB /* Pods-HuaHong.debug.xcconfig */;
			buildSettings = {
				ASSETCATALOG_COMPILER_APPICON_NAME = AppIcon;
				CODE_SIGN_STYLE = Manual;
				DEVELOPMENT_TEAM = 3PV33XPK7B;
				GCC_PRECOMPILE_PREFIX_HEADER = YES;
				GCC_PREFIX_HEADER = "$(SRCROOT)/HuaHong/HuaHong.pch";
				INFOPLIST_FILE = HuaHong/Info.plist;
				IPHONEOS_DEPLOYMENT_TARGET = 8.0;
				LD_RUNPATH_SEARCH_PATHS = "$(inherited) @executable_path/Frameworks";
				PRODUCT_BUNDLE_IDENTIFIER = com.qk365.online;
				PRODUCT_NAME = "$(TARGET_NAME)";
				PROVISIONING_PROFILE = "cf857dbc-d4ef-4920-80e9-33c5a185bebb";
				PROVISIONING_PROFILE_SPECIFIER = qkonlineDev;
				TARGETED_DEVICE_FAMILY = "1,2";
			};
			name = Debug;
		};
		7D0DA84B1FC50D7000774E40 /* Release */ = {
			isa = XCBuildConfiguration;
			baseConfigurationReference = 6696974C8B0A708887FDD327 /* Pods-HuaHong.release.xcconfig */;
			buildSettings = {
				ASSETCATALOG_COMPILER_APPICON_NAME = AppIcon;
				"CODE_SIGN_IDENTITY[sdk=iphoneos*]" = "iPhone Distribution";
				CODE_SIGN_STYLE = Manual;
				DEVELOPMENT_TEAM = 3PV33XPK7B;
				GCC_PRECOMPILE_PREFIX_HEADER = YES;
				GCC_PREFIX_HEADER = "$(SRCROOT)/HuaHong/HuaHong.pch";
				INFOPLIST_FILE = HuaHong/Info.plist;
				IPHONEOS_DEPLOYMENT_TARGET = 8.0;
				LD_RUNPATH_SEARCH_PATHS = "$(inherited) @executable_path/Frameworks";
				PRODUCT_BUNDLE_IDENTIFIER = com.qk365.online;
				PRODUCT_NAME = "$(TARGET_NAME)";
				PROVISIONING_PROFILE = "45dbde0a-15bd-4450-8b8b-bfb0a4ee4f87";
				PROVISIONING_PROFILE_SPECIFIER = qkonlineProduction;
				TARGETED_DEVICE_FAMILY = "1,2";
			};
			name = Release;
		};
/* End XCBuildConfiguration section */

/* Begin XCConfigurationList section */
		7D0DA82B1FC50D7000774E40 /* Build configuration list for PBXProject "HuaHong" */ = {
			isa = XCConfigurationList;
			buildConfigurations = (
				7D0DA8471FC50D7000774E40 /* Debug */,
				7D0DA8481FC50D7000774E40 /* Release */,
			);
			defaultConfigurationIsVisible = 0;
			defaultConfigurationName = Release;
		};
		7D0DA8491FC50D7000774E40 /* Build configuration list for PBXNativeTarget "HuaHong" */ = {
			isa = XCConfigurationList;
			buildConfigurations = (
				7D0DA84A1FC50D7000774E40 /* Debug */,
				7D0DA84B1FC50D7000774E40 /* Release */,
			);
			defaultConfigurationIsVisible = 0;
			defaultConfigurationName = Release;
		};
/* End XCConfigurationList section */

/* Begin XCVersionGroup section */
		7D0DA83C1FC50D7000774E40 /* HuaHong.xcdatamodeld */ = {
			isa = XCVersionGroup;
			children = (
				7D0DA83D1FC50D7000774E40 /* HuaHong.xcdatamodel */,
			);
			currentVersion = 7D0DA83D1FC50D7000774E40 /* HuaHong.xcdatamodel */;
			path = HuaHong.xcdatamodeld;
			sourceTree = "<group>";
			versionGroupType = wrapper.xcdatamodel;
		};
/* End XCVersionGroup section */
	};
	rootObject = 7D0DA8281FC50D7000774E40 /* Project object */;
}
