// !$*UTF8*$!
{
	archiveVersion = 1;
	classes = {
	};
	objectVersion = 48;
	objects = {

/* Begin PBXBuildFile section */
		274CC725C5FA2E95D0D6CA4D /* libPods-HuaHong.a in Frameworks */ = {isa = PBXBuildFile; fileRef = 3B52946878D5292B5E50EB86 /* libPods-HuaHong.a */; };
		7D0DA8351FC50D7000774E40 /* AppDelegate.m in Sources */ = {isa = PBXBuildFile; fileRef = 7D0DA8341FC50D7000774E40 /* AppDelegate.m */; };
		7D0DA83E1FC50D7000774E40 /* HuaHong.xcdatamodeld in Sources */ = {isa = PBXBuildFile; fileRef = 7D0DA83C1FC50D7000774E40 /* HuaHong.xcdatamodeld */; };
		7D0DA8461FC50D7000774E40 /* main.m in Sources */ = {isa = PBXBuildFile; fileRef = 7D0DA8451FC50D7000774E40 /* main.m */; };
		7D2172111FDA86D8008698C9 /* BlueToothController.m in Sources */ = {isa = PBXBuildFile; fileRef = 7D2172101FDA86D8008698C9 /* BlueToothController.m */; };
		7D2DE5EF2015B8B8001590E1 /* DataStorageController.m in Sources */ = {isa = PBXBuildFile; fileRef = 7D2DE5EE2015B8B8001590E1 /* DataStorageController.m */; };
		7D2DE5F22015BBCF001590E1 /* DataModel.m in Sources */ = {isa = PBXBuildFile; fileRef = 7D2DE5F12015BBCF001590E1 /* DataModel.m */; };
		7D2DE5F720170227001590E1 /* DrawView.m in Sources */ = {isa = PBXBuildFile; fileRef = 7D2DE5F620170227001590E1 /* DrawView.m */; };
		7D2DE5FC20181CF0001590E1 /* NSArray+Log.m in Sources */ = {isa = PBXBuildFile; fileRef = 7D2DE5F820181CEF001590E1 /* NSArray+Log.m */; };
		7D2DE5FD20181CF0001590E1 /* NSDictionary+Log.m in Sources */ = {isa = PBXBuildFile; fileRef = 7D2DE5FA20181CEF001590E1 /* NSDictionary+Log.m */; };
		7D2FF0AE1FF397E000ECAA26 /* MultiRequestController.m in Sources */ = {isa = PBXBuildFile; fileRef = 7D2FF0AD1FF397E000ECAA26 /* MultiRequestController.m */; };
		7D2FF0B11FF4F91400ECAA26 /* TestView.m in Sources */ = {isa = PBXBuildFile; fileRef = 7D2FF0B01FF4F91400ECAA26 /* TestView.m */; };
		7D2FF0B51FFCB97700ECAA26 /* HomeLeftCell.m in Sources */ = {isa = PBXBuildFile; fileRef = 7D2FF0B41FFCB97700ECAA26 /* HomeLeftCell.m */; };
		7D2FF0B81FFCDB1100ECAA26 /* ScanView.m in Sources */ = {isa = PBXBuildFile; fileRef = 7D2FF0B71FFCDB1100ECAA26 /* ScanView.m */; };
		7D2FF0BB1FFDFEE900ECAA26 /* QRCodeController.m in Sources */ = {isa = PBXBuildFile; fileRef = 7D2FF0BA1FFDFEE900ECAA26 /* QRCodeController.m */; };
		7D2FF0BE1FFF4B4600ECAA26 /* CreatQRCodeController.m in Sources */ = {isa = PBXBuildFile; fileRef = 7D2FF0BD1FFF4B4600ECAA26 /* CreatQRCodeController.m */; };
		7D2FF0C120030AE600ECAA26 /* LoadingViewController.m in Sources */ = {isa = PBXBuildFile; fileRef = 7D2FF0C020030AE600ECAA26 /* LoadingViewController.m */; };
		7D2FF0C420030DDA00ECAA26 /* LoadingHUD.m in Sources */ = {isa = PBXBuildFile; fileRef = 7D2FF0C320030DDA00ECAA26 /* LoadingHUD.m */; };
		7D2FF0C62004A38000ECAA26 /* selfS.MOV in Resources */ = {isa = PBXBuildFile; fileRef = 7D2FF0C52004A38000ECAA26 /* selfS.MOV */; };
		7D2FF0C92004A39A00ECAA26 /* music.mp3 in Resources */ = {isa = PBXBuildFile; fileRef = 7D2FF0C82004A39A00ECAA26 /* music.mp3 */; };
		7D2FF0CC2004A3E300ECAA26 /* AddVideoController.m in Sources */ = {isa = PBXBuildFile; fileRef = 7D2FF0CB2004A3E300ECAA26 /* AddVideoController.m */; };
		7D2FF0CE2004AB4900ECAA26 /* weixinY.mp4 in Resources */ = {isa = PBXBuildFile; fileRef = 7D2FF0CD2004AB4900ECAA26 /* weixinY.mp4 */; };
		7D2FF1FA20084F0D00ECAA26 /* StoryboardHomeController.m in Sources */ = {isa = PBXBuildFile; fileRef = 7D2FF1F920084F0D00ECAA26 /* StoryboardHomeController.m */; };
		7D2FF1FD20084F3600ECAA26 /* SwiftHomeController.swift in Sources */ = {isa = PBXBuildFile; fileRef = 7D2FF1FC20084F3600ECAA26 /* SwiftHomeController.swift */; };
		7D2FF2092008916700ECAA26 /* UIViewController+ShouldPopOnBackButton.m in Sources */ = {isa = PBXBuildFile; fileRef = 7D2FF2002008916700ECAA26 /* UIViewController+ShouldPopOnBackButton.m */; };
		7D2FF20A2008916700ECAA26 /* NavigationController.m in Sources */ = {isa = PBXBuildFile; fileRef = 7D2FF2042008916700ECAA26 /* NavigationController.m */; };
		7D2FF20B2008916700ECAA26 /* UINavigationController+BackButtonHandler.m in Sources */ = {isa = PBXBuildFile; fileRef = 7D2FF2052008916700ECAA26 /* UINavigationController+BackButtonHandler.m */; };
		7D2FF20C2008916700ECAA26 /* HHTabBar.m in Sources */ = {isa = PBXBuildFile; fileRef = 7D2FF2062008916700ECAA26 /* HHTabBar.m */; };
		7D2FF20D2008916700ECAA26 /* TabBarViewController.m in Sources */ = {isa = PBXBuildFile; fileRef = 7D2FF2072008916700ECAA26 /* TabBarViewController.m */; };
		7D2FF2122008935F00ECAA26 /* TestViewController.m in Sources */ = {isa = PBXBuildFile; fileRef = 7D2FF2112008935F00ECAA26 /* TestViewController.m */; };
		7D398FAA2009BFBE00994A3C /* TableViewVC.m in Sources */ = {isa = PBXBuildFile; fileRef = 7D398FA92009BFBE00994A3C /* TableViewVC.m */; };
		7D398FAD200A0B8000994A3C /* PullUpRefreshView.m in Sources */ = {isa = PBXBuildFile; fileRef = 7D398FAC200A0B8000994A3C /* PullUpRefreshView.m */; };
		7D398FB1200A29BE00994A3C /* UIScrollView+Refresh.m in Sources */ = {isa = PBXBuildFile; fileRef = 7D398FB0200A29BE00994A3C /* UIScrollView+Refresh.m */; };
		7D398FB4200B32DE00994A3C /* HHAnnotation.m in Sources */ = {isa = PBXBuildFile; fileRef = 7D398FB3200B32DE00994A3C /* HHAnnotation.m */; };
		7D4AFAFF20108D430018AB3D /* libcrypto.a in Frameworks */ = {isa = PBXBuildFile; fileRef = 7D811F82200CACAA005C168F /* libcrypto.a */; };
		7D4AFB0020108D430018AB3D /* libssl.a in Frameworks */ = {isa = PBXBuildFile; fileRef = 7D811F83200CACAA005C168F /* libssl.a */; };
		7D4AFB032010946B0018AB3D /* BaiDuMapController.m in Sources */ = {isa = PBXBuildFile; fileRef = 7D4AFB022010946B0018AB3D /* BaiDuMapController.m */; };
		7D4AFB062011C9FE0018AB3D /* LoginViewController.m in Sources */ = {isa = PBXBuildFile; fileRef = 7D4AFB052011C9FE0018AB3D /* LoginViewController.m */; };
		7D4AFB0C2011D78A0018AB3D /* ContactController.m in Sources */ = {isa = PBXBuildFile; fileRef = 7D4AFB0B2011D78A0018AB3D /* ContactController.m */; };
		7D5393BD2019746B006D2712 /* DrawController.m in Sources */ = {isa = PBXBuildFile; fileRef = 7D5393BC2019746B006D2712 /* DrawController.m */; };
		7D5393E3201AF916006D2712 /* TouchController.m in Sources */ = {isa = PBXBuildFile; fileRef = 7D5393E2201AF916006D2712 /* TouchController.m */; };
		7D5393E6201F22D1006D2712 /* ClockViewController.m in Sources */ = {isa = PBXBuildFile; fileRef = 7D5393E5201F22D1006D2712 /* ClockViewController.m */; };
		7D5393EA202013F4006D2712 /* TimerController.m in Sources */ = {isa = PBXBuildFile; fileRef = 7D5393E9202013F4006D2712 /* TimerController.m */; };
		7D88EE1E1FC7EAC200CC76FE /* MapViewController.m in Sources */ = {isa = PBXBuildFile; fileRef = 7D88EE1D1FC7EAC200CC76FE /* MapViewController.m */; };
		7D88EE211FC8076B00CC76FE /* BaseViewController.m in Sources */ = {isa = PBXBuildFile; fileRef = 7D88EE201FC8076B00CC76FE /* BaseViewController.m */; };
		7D957EB71FD4DC4900D0A4D5 /* TakePhotoController.m in Sources */ = {isa = PBXBuildFile; fileRef = 7D957EB61FD4DC4900D0A4D5 /* TakePhotoController.m */; };
		7D957EB91FD4DFCA00D0A4D5 /* Assets.xcassets in Resources */ = {isa = PBXBuildFile; fileRef = 7D957EB81FD4DFC900D0A4D5 /* Assets.xcassets */; };
		7D957EBC1FD531CE00D0A4D5 /* PhotoListController.m in Sources */ = {isa = PBXBuildFile; fileRef = 7D957EBB1FD531CE00D0A4D5 /* PhotoListController.m */; };
		7D957EBF1FD5337000D0A4D5 /* PhotoListCell.m in Sources */ = {isa = PBXBuildFile; fileRef = 7D957EBE1FD5337000D0A4D5 /* PhotoListCell.m */; };
		7DB4FF041FD134D2004EE368 /* VoiceManager.m in Sources */ = {isa = PBXBuildFile; fileRef = 7DB4FF031FD134D2004EE368 /* VoiceManager.m */; };
		7DB4FF071FD1352B004EE368 /* VoiceController.m in Sources */ = {isa = PBXBuildFile; fileRef = 7DB4FF061FD1352B004EE368 /* VoiceController.m */; };
		7DB4FF0C1FD13D26004EE368 /* UIColor+Category.m in Sources */ = {isa = PBXBuildFile; fileRef = 7DB4FF0B1FD13D26004EE368 /* UIColor+Category.m */; };
		7DB9B5361FD678F80011EE54 /* ContactsController.m in Sources */ = {isa = PBXBuildFile; fileRef = 7DB9B5351FD678F80011EE54 /* ContactsController.m */; };
		7DB9B5391FD6A47D0011EE54 /* ContactModel.m in Sources */ = {isa = PBXBuildFile; fileRef = 7DB9B5381FD6A47D0011EE54 /* ContactModel.m */; };
		7DB9B53C1FD792300011EE54 /* AudioRecorderManager.m in Sources */ = {isa = PBXBuildFile; fileRef = 7DB9B53B1FD792300011EE54 /* AudioRecorderManager.m */; };
		7DB9B53F1FD7DE9B0011EE54 /* RecorderViewController.m in Sources */ = {isa = PBXBuildFile; fileRef = 7DB9B53E1FD7DE9B0011EE54 /* RecorderViewController.m */; };
		7DB9B5421FD7E0440011EE54 /* CustomContactsController.m in Sources */ = {isa = PBXBuildFile; fileRef = 7DB9B5411FD7E0440011EE54 /* CustomContactsController.m */; };
		7DB9B5491FD7E6710011EE54 /* VideoBottomView.m in Sources */ = {isa = PBXBuildFile; fileRef = 7DB9B5481FD7E6710011EE54 /* VideoBottomView.m */; };
		7DB9B54C1FD7E6800011EE54 /* VideoTopView.m in Sources */ = {isa = PBXBuildFile; fileRef = 7DB9B54B1FD7E6800011EE54 /* VideoTopView.m */; };
		7DB9B54F1FD8D8100011EE54 /* VideoManager.m in Sources */ = {isa = PBXBuildFile; fileRef = 7DB9B54E1FD8D80F0011EE54 /* VideoManager.m */; };
		7DB9B5521FD8E7F50011EE54 /* ImagePickController.m in Sources */ = {isa = PBXBuildFile; fileRef = 7DB9B5511FD8E7F50011EE54 /* ImagePickController.m */; };
		7DB9B5551FD8FF830011EE54 /* PlayerController.m in Sources */ = {isa = PBXBuildFile; fileRef = 7DB9B5541FD8FF830011EE54 /* PlayerController.m */; };
		7DB9B5581FD90A570011EE54 /* MovieFileOutputController.m in Sources */ = {isa = PBXBuildFile; fileRef = 7DB9B5571FD90A570011EE54 /* MovieFileOutputController.m */; };
		7DB9B55B1FD93C720011EE54 /* BaseVideoController.m in Sources */ = {isa = PBXBuildFile; fileRef = 7DB9B55A1FD93C720011EE54 /* BaseVideoController.m */; };
		7DB9B5601FD97F0B0011EE54 /* AssetWriter.m in Sources */ = {isa = PBXBuildFile; fileRef = 7DB9B55F1FD97F0B0011EE54 /* AssetWriter.m */; };
		7DB9B5631FD97F210011EE54 /* VideoRecorder.m in Sources */ = {isa = PBXBuildFile; fileRef = 7DB9B5621FD97F210011EE54 /* VideoRecorder.m */; };
		7DB9B5661FD97FAF0011EE54 /* CustomVideoController.m in Sources */ = {isa = PBXBuildFile; fileRef = 7DB9B5651FD97FAF0011EE54 /* CustomVideoController.m */; };
		7DC24C8920206B3D00103BDE /* AppDelegate+Notification.m in Sources */ = {isa = PBXBuildFile; fileRef = 7DC24C8820206B3D00103BDE /* AppDelegate+Notification.m */; };
		7DC24C8D20219EF700103BDE /* AnimationView.m in Sources */ = {isa = PBXBuildFile; fileRef = 7DC24C8C20219EF700103BDE /* AnimationView.m */; };
		7DC24C902022A6B100103BDE /* TransitionController.m in Sources */ = {isa = PBXBuildFile; fileRef = 7DC24C8F2022A6B100103BDE /* TransitionController.m */; };
		7DC24C932022B6E500103BDE /* DrawingBoardController.m in Sources */ = {isa = PBXBuildFile; fileRef = 7DC24C922022B6E500103BDE /* DrawingBoardController.m */; };
		7DC24C962023001100103BDE /* CustomTransitionPush.m in Sources */ = {isa = PBXBuildFile; fileRef = 7DC24C952023001100103BDE /* CustomTransitionPush.m */; };
		7DC24C992023002900103BDE /* CustomTransitionPop.m in Sources */ = {isa = PBXBuildFile; fileRef = 7DC24C982023002900103BDE /* CustomTransitionPop.m */; };
		7DC24C9B20246C7A00103BDE /* 黑马程序员.mp3 in Resources */ = {isa = PBXBuildFile; fileRef = 7DC24C9A20246C7A00103BDE /* 黑马程序员.mp3 */; };
		7DC24C9D2027F96700103BDE /* Speech.framework in Frameworks */ = {isa = PBXBuildFile; fileRef = 7DC24C9C2027F96700103BDE /* Speech.framework */; };
		7DC24CA02028356900103BDE /* DrawBoardView.m in Sources */ = {isa = PBXBuildFile; fileRef = 7DC24C9F2028356900103BDE /* DrawBoardView.m */; };
		7DC24CA320283F6500103BDE /* HHBezierPath.m in Sources */ = {isa = PBXBuildFile; fileRef = 7DC24CA220283F6500103BDE /* HHBezierPath.m */; };
		7DC94AF81FE901F20042632D /* AnimationController.m in Sources */ = {isa = PBXBuildFile; fileRef = 7DC94AF71FE901F20042632D /* AnimationController.m */; };
		7DCCFAA8200CC48500902D92 /* DistanceController.m in Sources */ = {isa = PBXBuildFile; fileRef = 7DCCFAA7200CC48500902D92 /* DistanceController.m */; };
		7DE836CA200F242500003AAF /* AnnotationController.m in Sources */ = {isa = PBXBuildFile; fileRef = 7DE836C9200F242500003AAF /* AnnotationController.m */; };
		7DE836CD200F3EC500003AAF /* MyAnnotationView.m in Sources */ = {isa = PBXBuildFile; fileRef = 7DE836CC200F3EC500003AAF /* MyAnnotationView.m */; };
		7DE836D32010710500003AAF /* SystemNavigationController.m in Sources */ = {isa = PBXBuildFile; fileRef = 7DE836D22010710500003AAF /* SystemNavigationController.m */; };
		7DE8D57D1FC527F000577762 /* HomeVC.m in Sources */ = {isa = PBXBuildFile; fileRef = 7DE8D57C1FC527F000577762 /* HomeVC.m */; };
		7DE8D5861FC556DE00577762 /* Main.storyboard in Resources */ = {isa = PBXBuildFile; fileRef = 7DE8D5851FC556DE00577762 /* Main.storyboard */; };
		7DE8D5921FC576ED00577762 /* UIViewExt.m in Sources */ = {isa = PBXBuildFile; fileRef = 7DE8D58E1FC576ED00577762 /* UIViewExt.m */; };
		7DE8D5931FC576ED00577762 /* Utils.m in Sources */ = {isa = PBXBuildFile; fileRef = 7DE8D5901FC576ED00577762 /* Utils.m */; };
		7DE8D5961FC5773300577762 /* DesUtil.m in Sources */ = {isa = PBXBuildFile; fileRef = 7DE8D5951FC5773300577762 /* DesUtil.m */; };
		7DE8D59F1FC57D4400577762 /* NSString+IdentityCard.m in Sources */ = {isa = PBXBuildFile; fileRef = 7DE8D59E1FC57D4400577762 /* NSString+IdentityCard.m */; };
		7DE8D5A21FC69BB800577762 /* UILabel+autoReSize.m in Sources */ = {isa = PBXBuildFile; fileRef = 7DE8D5A11FC69BB800577762 /* UILabel+autoReSize.m */; };
		7DE8D5A71FC6B73600577762 /* home.plist in Resources */ = {isa = PBXBuildFile; fileRef = 7DE8D5A61FC6B73600577762 /* home.plist */; };
		7DE8D5AC1FC6D1B900577762 /* LocationManager.m in Sources */ = {isa = PBXBuildFile; fileRef = 7DE8D5AB1FC6D1B900577762 /* LocationManager.m */; };
		7DFB1BA61FCE937C0033D9E2 /* CollectionHeadView.m in Sources */ = {isa = PBXBuildFile; fileRef = 7DFB1BA51FCE937C0033D9E2 /* CollectionHeadView.m */; };
		7DFB1BA91FCE94380033D9E2 /* HomeFlowLayout.m in Sources */ = {isa = PBXBuildFile; fileRef = 7DFB1BA81FCE94380033D9E2 /* HomeFlowLayout.m */; };
		7DFB1BD81FCFD27E0033D9E2 /* WaterFallLayout.m in Sources */ = {isa = PBXBuildFile; fileRef = 7DFB1BD71FCFD27E0033D9E2 /* WaterFallLayout.m */; };
		7DFB1BDC1FCFD4580033D9E2 /* UpLoadViewController.m in Sources */ = {isa = PBXBuildFile; fileRef = 7DFB1BDB1FCFD4580033D9E2 /* UpLoadViewController.m */; };
		7DFB1BDF1FCFDDB30033D9E2 /* WaterFallController.m in Sources */ = {isa = PBXBuildFile; fileRef = 7DFB1BDE1FCFDDB30033D9E2 /* WaterFallController.m */; };
		7DFB1BE31FCFE2420033D9E2 /* LightSinceController.m in Sources */ = {isa = PBXBuildFile; fileRef = 7DFB1BE21FCFE2420033D9E2 /* LightSinceController.m */; };
		7DFB1BE61FCFE6EB0033D9E2 /* ThreeDTouchController.m in Sources */ = {isa = PBXBuildFile; fileRef = 7DFB1BE51FCFE6EB0033D9E2 /* ThreeDTouchController.m */; };
		7DFB1BE91FCFE8390033D9E2 /* presentViewController.m in Sources */ = {isa = PBXBuildFile; fileRef = 7DFB1BE81FCFE8390033D9E2 /* presentViewController.m */; };
/* End PBXBuildFile section */

/* Begin PBXFileReference section */
		3B52946878D5292B5E50EB86 /* libPods-HuaHong.a */ = {isa = PBXFileReference; explicitFileType = archive.ar; includeInIndex = 0; path = "libPods-HuaHong.a"; sourceTree = BUILT_PRODUCTS_DIR; };
		6696974C8B0A708887FDD327 /* Pods-HuaHong.release.xcconfig */ = {isa = PBXFileReference; includeInIndex = 1; lastKnownFileType = text.xcconfig; name = "Pods-HuaHong.release.xcconfig"; path = "Pods/Target Support Files/Pods-HuaHong/Pods-HuaHong.release.xcconfig"; sourceTree = "<group>"; };
		7D0DA8301FC50D7000774E40 /* HuaHong.app */ = {isa = PBXFileReference; explicitFileType = wrapper.application; includeInIndex = 0; path = HuaHong.app; sourceTree = BUILT_PRODUCTS_DIR; };
		7D0DA8331FC50D7000774E40 /* AppDelegate.h */ = {isa = PBXFileReference; lastKnownFileType = sourcecode.c.h; path = AppDelegate.h; sourceTree = "<group>"; };
		7D0DA8341FC50D7000774E40 /* AppDelegate.m */ = {isa = PBXFileReference; lastKnownFileType = sourcecode.c.objc; path = AppDelegate.m; sourceTree = "<group>"; };
		7D0DA83D1FC50D7000774E40 /* HuaHong.xcdatamodel */ = {isa = PBXFileReference; lastKnownFileType = wrapper.xcdatamodel; path = HuaHong.xcdatamodel; sourceTree = "<group>"; };
		7D0DA8441FC50D7000774E40 /* Info.plist */ = {isa = PBXFileReference; lastKnownFileType = text.plist.xml; path = Info.plist; sourceTree = "<group>"; };
		7D0DA8451FC50D7000774E40 /* main.m */ = {isa = PBXFileReference; lastKnownFileType = sourcecode.c.objc; path = main.m; sourceTree = "<group>"; };
		7D21720F1FDA86D8008698C9 /* BlueToothController.h */ = {isa = PBXFileReference; lastKnownFileType = sourcecode.c.h; path = BlueToothController.h; sourceTree = "<group>"; };
		7D2172101FDA86D8008698C9 /* BlueToothController.m */ = {isa = PBXFileReference; lastKnownFileType = sourcecode.c.objc; path = BlueToothController.m; sourceTree = "<group>"; };
		7D2DE5ED2015B8B8001590E1 /* DataStorageController.h */ = {isa = PBXFileReference; lastKnownFileType = sourcecode.c.h; path = DataStorageController.h; sourceTree = "<group>"; };
		7D2DE5EE2015B8B8001590E1 /* DataStorageController.m */ = {isa = PBXFileReference; lastKnownFileType = sourcecode.c.objc; path = DataStorageController.m; sourceTree = "<group>"; };
		7D2DE5F02015BBCF001590E1 /* DataModel.h */ = {isa = PBXFileReference; lastKnownFileType = sourcecode.c.h; path = DataModel.h; sourceTree = "<group>"; };
		7D2DE5F12015BBCF001590E1 /* DataModel.m */ = {isa = PBXFileReference; lastKnownFileType = sourcecode.c.objc; path = DataModel.m; sourceTree = "<group>"; };
		7D2DE5F320170015001590E1 /* PrefixHeader.pch */ = {isa = PBXFileReference; lastKnownFileType = sourcecode.c.h; path = PrefixHeader.pch; sourceTree = "<group>"; };
		7D2DE5F520170227001590E1 /* DrawView.h */ = {isa = PBXFileReference; lastKnownFileType = sourcecode.c.h; path = DrawView.h; sourceTree = "<group>"; };
		7D2DE5F620170227001590E1 /* DrawView.m */ = {isa = PBXFileReference; lastKnownFileType = sourcecode.c.objc; path = DrawView.m; sourceTree = "<group>"; };
		7D2DE5F820181CEF001590E1 /* NSArray+Log.m */ = {isa = PBXFileReference; fileEncoding = 4; lastKnownFileType = sourcecode.c.objc; path = "NSArray+Log.m"; sourceTree = "<group>"; };
		7D2DE5F920181CEF001590E1 /* NSDictionary+Log.h */ = {isa = PBXFileReference; fileEncoding = 4; lastKnownFileType = sourcecode.c.h; path = "NSDictionary+Log.h"; sourceTree = "<group>"; };
		7D2DE5FA20181CEF001590E1 /* NSDictionary+Log.m */ = {isa = PBXFileReference; fileEncoding = 4; lastKnownFileType = sourcecode.c.objc; path = "NSDictionary+Log.m"; sourceTree = "<group>"; };
		7D2DE5FB20181CF0001590E1 /* NSArray+Log.h */ = {isa = PBXFileReference; fileEncoding = 4; lastKnownFileType = sourcecode.c.h; path = "NSArray+Log.h"; sourceTree = "<group>"; };
		7D2FF0AC1FF397E000ECAA26 /* MultiRequestController.h */ = {isa = PBXFileReference; lastKnownFileType = sourcecode.c.h; path = MultiRequestController.h; sourceTree = "<group>"; };
		7D2FF0AD1FF397E000ECAA26 /* MultiRequestController.m */ = {isa = PBXFileReference; lastKnownFileType = sourcecode.c.objc; path = MultiRequestController.m; sourceTree = "<group>"; };
		7D2FF0AF1FF4F91400ECAA26 /* TestView.h */ = {isa = PBXFileReference; lastKnownFileType = sourcecode.c.h; path = TestView.h; sourceTree = "<group>"; };
		7D2FF0B01FF4F91400ECAA26 /* TestView.m */ = {isa = PBXFileReference; lastKnownFileType = sourcecode.c.objc; path = TestView.m; sourceTree = "<group>"; };
		7D2FF0B31FFCB97700ECAA26 /* HomeLeftCell.h */ = {isa = PBXFileReference; lastKnownFileType = sourcecode.c.h; path = HomeLeftCell.h; sourceTree = "<group>"; };
		7D2FF0B41FFCB97700ECAA26 /* HomeLeftCell.m */ = {isa = PBXFileReference; lastKnownFileType = sourcecode.c.objc; path = HomeLeftCell.m; sourceTree = "<group>"; };
		7D2FF0B61FFCDB1100ECAA26 /* ScanView.h */ = {isa = PBXFileReference; lastKnownFileType = sourcecode.c.h; path = ScanView.h; sourceTree = "<group>"; };
		7D2FF0B71FFCDB1100ECAA26 /* ScanView.m */ = {isa = PBXFileReference; lastKnownFileType = sourcecode.c.objc; path = ScanView.m; sourceTree = "<group>"; };
		7D2FF0B91FFDFEE900ECAA26 /* QRCodeController.h */ = {isa = PBXFileReference; lastKnownFileType = sourcecode.c.h; path = QRCodeController.h; sourceTree = "<group>"; };
		7D2FF0BA1FFDFEE900ECAA26 /* QRCodeController.m */ = {isa = PBXFileReference; lastKnownFileType = sourcecode.c.objc; path = QRCodeController.m; sourceTree = "<group>"; };
		7D2FF0BC1FFF4B4600ECAA26 /* CreatQRCodeController.h */ = {isa = PBXFileReference; lastKnownFileType = sourcecode.c.h; path = CreatQRCodeController.h; sourceTree = "<group>"; };
		7D2FF0BD1FFF4B4600ECAA26 /* CreatQRCodeController.m */ = {isa = PBXFileReference; lastKnownFileType = sourcecode.c.objc; path = CreatQRCodeController.m; sourceTree = "<group>"; };
		7D2FF0BF20030AE600ECAA26 /* LoadingViewController.h */ = {isa = PBXFileReference; lastKnownFileType = sourcecode.c.h; path = LoadingViewController.h; sourceTree = "<group>"; };
		7D2FF0C020030AE600ECAA26 /* LoadingViewController.m */ = {isa = PBXFileReference; lastKnownFileType = sourcecode.c.objc; path = LoadingViewController.m; sourceTree = "<group>"; };
		7D2FF0C220030DDA00ECAA26 /* LoadingHUD.h */ = {isa = PBXFileReference; lastKnownFileType = sourcecode.c.h; path = LoadingHUD.h; sourceTree = "<group>"; };
		7D2FF0C320030DDA00ECAA26 /* LoadingHUD.m */ = {isa = PBXFileReference; lastKnownFileType = sourcecode.c.objc; path = LoadingHUD.m; sourceTree = "<group>"; };
		7D2FF0C52004A38000ECAA26 /* selfS.MOV */ = {isa = PBXFileReference; lastKnownFileType = video.quicktime; path = selfS.MOV; sourceTree = "<group>"; };
		7D2FF0C82004A39A00ECAA26 /* music.mp3 */ = {isa = PBXFileReference; lastKnownFileType = audio.mp3; path = music.mp3; sourceTree = "<group>"; };
		7D2FF0CA2004A3E300ECAA26 /* AddVideoController.h */ = {isa = PBXFileReference; lastKnownFileType = sourcecode.c.h; path = AddVideoController.h; sourceTree = "<group>"; };
		7D2FF0CB2004A3E300ECAA26 /* AddVideoController.m */ = {isa = PBXFileReference; lastKnownFileType = sourcecode.c.objc; path = AddVideoController.m; sourceTree = "<group>"; };
		7D2FF0CD2004AB4900ECAA26 /* weixinY.mp4 */ = {isa = PBXFileReference; lastKnownFileType = file; path = weixinY.mp4; sourceTree = "<group>"; };
		7D2FF1F820084F0D00ECAA26 /* StoryboardHomeController.h */ = {isa = PBXFileReference; lastKnownFileType = sourcecode.c.h; path = StoryboardHomeController.h; sourceTree = "<group>"; };
		7D2FF1F920084F0D00ECAA26 /* StoryboardHomeController.m */ = {isa = PBXFileReference; lastKnownFileType = sourcecode.c.objc; path = StoryboardHomeController.m; sourceTree = "<group>"; };
		7D2FF1FB20084F3500ECAA26 /* HuaHong-Bridging-Header.h */ = {isa = PBXFileReference; lastKnownFileType = sourcecode.c.h; path = "HuaHong-Bridging-Header.h"; sourceTree = "<group>"; };
		7D2FF1FC20084F3600ECAA26 /* SwiftHomeController.swift */ = {isa = PBXFileReference; lastKnownFileType = sourcecode.swift; path = SwiftHomeController.swift; sourceTree = "<group>"; };
		7D2FF1FF2008916700ECAA26 /* NavigationController.h */ = {isa = PBXFileReference; fileEncoding = 4; lastKnownFileType = sourcecode.c.h; path = NavigationController.h; sourceTree = "<group>"; };
		7D2FF2002008916700ECAA26 /* UIViewController+ShouldPopOnBackButton.m */ = {isa = PBXFileReference; fileEncoding = 4; lastKnownFileType = sourcecode.c.objc; path = "UIViewController+ShouldPopOnBackButton.m"; sourceTree = "<group>"; };
		7D2FF2012008916700ECAA26 /* TabBarViewController.h */ = {isa = PBXFileReference; fileEncoding = 4; lastKnownFileType = sourcecode.c.h; path = TabBarViewController.h; sourceTree = "<group>"; };
		7D2FF2022008916700ECAA26 /* HHTabBar.h */ = {isa = PBXFileReference; fileEncoding = 4; lastKnownFileType = sourcecode.c.h; path = HHTabBar.h; sourceTree = "<group>"; };
		7D2FF2032008916700ECAA26 /* UINavigationController+BackButtonHandler.h */ = {isa = PBXFileReference; fileEncoding = 4; lastKnownFileType = sourcecode.c.h; path = "UINavigationController+BackButtonHandler.h"; sourceTree = "<group>"; };
		7D2FF2042008916700ECAA26 /* NavigationController.m */ = {isa = PBXFileReference; fileEncoding = 4; lastKnownFileType = sourcecode.c.objc; path = NavigationController.m; sourceTree = "<group>"; };
		7D2FF2052008916700ECAA26 /* UINavigationController+BackButtonHandler.m */ = {isa = PBXFileReference; fileEncoding = 4; lastKnownFileType = sourcecode.c.objc; path = "UINavigationController+BackButtonHandler.m"; sourceTree = "<group>"; };
		7D2FF2062008916700ECAA26 /* HHTabBar.m */ = {isa = PBXFileReference; fileEncoding = 4; lastKnownFileType = sourcecode.c.objc; path = HHTabBar.m; sourceTree = "<group>"; };
		7D2FF2072008916700ECAA26 /* TabBarViewController.m */ = {isa = PBXFileReference; fileEncoding = 4; lastKnownFileType = sourcecode.c.objc; path = TabBarViewController.m; sourceTree = "<group>"; };
		7D2FF2082008916700ECAA26 /* UIViewController+ShouldPopOnBackButton.h */ = {isa = PBXFileReference; fileEncoding = 4; lastKnownFileType = sourcecode.c.h; path = "UIViewController+ShouldPopOnBackButton.h"; sourceTree = "<group>"; };
		7D2FF2102008935F00ECAA26 /* TestViewController.h */ = {isa = PBXFileReference; lastKnownFileType = sourcecode.c.h; path = TestViewController.h; sourceTree = "<group>"; };
		7D2FF2112008935F00ECAA26 /* TestViewController.m */ = {isa = PBXFileReference; lastKnownFileType = sourcecode.c.objc; path = TestViewController.m; sourceTree = "<group>"; };
		7D398FA82009BFBE00994A3C /* TableViewVC.h */ = {isa = PBXFileReference; lastKnownFileType = sourcecode.c.h; path = TableViewVC.h; sourceTree = "<group>"; };
		7D398FA92009BFBE00994A3C /* TableViewVC.m */ = {isa = PBXFileReference; lastKnownFileType = sourcecode.c.objc; path = TableViewVC.m; sourceTree = "<group>"; };
		7D398FAB200A0B8000994A3C /* PullUpRefreshView.h */ = {isa = PBXFileReference; lastKnownFileType = sourcecode.c.h; path = PullUpRefreshView.h; sourceTree = "<group>"; };
		7D398FAC200A0B8000994A3C /* PullUpRefreshView.m */ = {isa = PBXFileReference; lastKnownFileType = sourcecode.c.objc; path = PullUpRefreshView.m; sourceTree = "<group>"; };
		7D398FAF200A29BE00994A3C /* UIScrollView+Refresh.h */ = {isa = PBXFileReference; lastKnownFileType = sourcecode.c.h; path = "UIScrollView+Refresh.h"; sourceTree = "<group>"; };
		7D398FB0200A29BE00994A3C /* UIScrollView+Refresh.m */ = {isa = PBXFileReference; lastKnownFileType = sourcecode.c.objc; path = "UIScrollView+Refresh.m"; sourceTree = "<group>"; };
		7D398FB2200B32DE00994A3C /* HHAnnotation.h */ = {isa = PBXFileReference; lastKnownFileType = sourcecode.c.h; path = HHAnnotation.h; sourceTree = "<group>"; };
		7D398FB3200B32DE00994A3C /* HHAnnotation.m */ = {isa = PBXFileReference; lastKnownFileType = sourcecode.c.objc; path = HHAnnotation.m; sourceTree = "<group>"; };
		7D4AFB012010946B0018AB3D /* BaiDuMapController.h */ = {isa = PBXFileReference; lastKnownFileType = sourcecode.c.h; path = BaiDuMapController.h; sourceTree = "<group>"; };
		7D4AFB022010946B0018AB3D /* BaiDuMapController.m */ = {isa = PBXFileReference; lastKnownFileType = sourcecode.c.objc; path = BaiDuMapController.m; sourceTree = "<group>"; };
		7D4AFB042011C9FE0018AB3D /* LoginViewController.h */ = {isa = PBXFileReference; lastKnownFileType = sourcecode.c.h; path = LoginViewController.h; sourceTree = "<group>"; };
		7D4AFB052011C9FE0018AB3D /* LoginViewController.m */ = {isa = PBXFileReference; lastKnownFileType = sourcecode.c.objc; path = LoginViewController.m; sourceTree = "<group>"; };
		7D4AFB0A2011D78A0018AB3D /* ContactController.h */ = {isa = PBXFileReference; lastKnownFileType = sourcecode.c.h; path = ContactController.h; sourceTree = "<group>"; };
		7D4AFB0B2011D78A0018AB3D /* ContactController.m */ = {isa = PBXFileReference; lastKnownFileType = sourcecode.c.objc; path = ContactController.m; sourceTree = "<group>"; };
		7D5393BB2019746B006D2712 /* DrawController.h */ = {isa = PBXFileReference; lastKnownFileType = sourcecode.c.h; path = DrawController.h; sourceTree = "<group>"; };
		7D5393BC2019746B006D2712 /* DrawController.m */ = {isa = PBXFileReference; lastKnownFileType = sourcecode.c.objc; path = DrawController.m; sourceTree = "<group>"; };
		7D5393E1201AF916006D2712 /* TouchController.h */ = {isa = PBXFileReference; lastKnownFileType = sourcecode.c.h; path = TouchController.h; sourceTree = "<group>"; };
		7D5393E2201AF916006D2712 /* TouchController.m */ = {isa = PBXFileReference; lastKnownFileType = sourcecode.c.objc; path = TouchController.m; sourceTree = "<group>"; };
		7D5393E4201F22D1006D2712 /* ClockViewController.h */ = {isa = PBXFileReference; lastKnownFileType = sourcecode.c.h; path = ClockViewController.h; sourceTree = "<group>"; };
		7D5393E5201F22D1006D2712 /* ClockViewController.m */ = {isa = PBXFileReference; lastKnownFileType = sourcecode.c.objc; path = ClockViewController.m; sourceTree = "<group>"; };
		7D5393E8202013F4006D2712 /* TimerController.h */ = {isa = PBXFileReference; lastKnownFileType = sourcecode.c.h; path = TimerController.h; sourceTree = "<group>"; };
		7D5393E9202013F4006D2712 /* TimerController.m */ = {isa = PBXFileReference; lastKnownFileType = sourcecode.c.objc; path = TimerController.m; sourceTree = "<group>"; };
		7D811F82200CACAA005C168F /* libcrypto.a */ = {isa = PBXFileReference; lastKnownFileType = archive.ar; name = libcrypto.a; path = Pods/BaiduMapKit/BaiduMapKit/thirdlibs/libcrypto.a; sourceTree = "<group>"; };
		7D811F83200CACAA005C168F /* libssl.a */ = {isa = PBXFileReference; lastKnownFileType = archive.ar; name = libssl.a; path = Pods/BaiduMapKit/BaiduMapKit/thirdlibs/libssl.a; sourceTree = "<group>"; };
		7D88EE1C1FC7EAC200CC76FE /* MapViewController.h */ = {isa = PBXFileReference; lastKnownFileType = sourcecode.c.h; path = MapViewController.h; sourceTree = "<group>"; };
		7D88EE1D1FC7EAC200CC76FE /* MapViewController.m */ = {isa = PBXFileReference; lastKnownFileType = sourcecode.c.objc; path = MapViewController.m; sourceTree = "<group>"; };
		7D88EE1F1FC8076B00CC76FE /* BaseViewController.h */ = {isa = PBXFileReference; lastKnownFileType = sourcecode.c.h; path = BaseViewController.h; sourceTree = "<group>"; };
		7D88EE201FC8076B00CC76FE /* BaseViewController.m */ = {isa = PBXFileReference; lastKnownFileType = sourcecode.c.objc; path = BaseViewController.m; sourceTree = "<group>"; };
		7D957EB51FD4DC4900D0A4D5 /* TakePhotoController.h */ = {isa = PBXFileReference; lastKnownFileType = sourcecode.c.h; path = TakePhotoController.h; sourceTree = "<group>"; };
		7D957EB61FD4DC4900D0A4D5 /* TakePhotoController.m */ = {isa = PBXFileReference; lastKnownFileType = sourcecode.c.objc; path = TakePhotoController.m; sourceTree = "<group>"; };
		7D957EB81FD4DFC900D0A4D5 /* Assets.xcassets */ = {isa = PBXFileReference; lastKnownFileType = folder.assetcatalog; path = Assets.xcassets; sourceTree = "<group>"; };
		7D957EBA1FD531CE00D0A4D5 /* PhotoListController.h */ = {isa = PBXFileReference; lastKnownFileType = sourcecode.c.h; path = PhotoListController.h; sourceTree = "<group>"; };
		7D957EBB1FD531CE00D0A4D5 /* PhotoListController.m */ = {isa = PBXFileReference; lastKnownFileType = sourcecode.c.objc; path = PhotoListController.m; sourceTree = "<group>"; };
		7D957EBD1FD5337000D0A4D5 /* PhotoListCell.h */ = {isa = PBXFileReference; lastKnownFileType = sourcecode.c.h; path = PhotoListCell.h; sourceTree = "<group>"; };
		7D957EBE1FD5337000D0A4D5 /* PhotoListCell.m */ = {isa = PBXFileReference; lastKnownFileType = sourcecode.c.objc; path = PhotoListCell.m; sourceTree = "<group>"; };
		7DB4FF021FD134D2004EE368 /* VoiceManager.h */ = {isa = PBXFileReference; lastKnownFileType = sourcecode.c.h; path = VoiceManager.h; sourceTree = "<group>"; };
		7DB4FF031FD134D2004EE368 /* VoiceManager.m */ = {isa = PBXFileReference; lastKnownFileType = sourcecode.c.objc; path = VoiceManager.m; sourceTree = "<group>"; };
		7DB4FF051FD1352B004EE368 /* VoiceController.h */ = {isa = PBXFileReference; lastKnownFileType = sourcecode.c.h; path = VoiceController.h; sourceTree = "<group>"; };
		7DB4FF061FD1352B004EE368 /* VoiceController.m */ = {isa = PBXFileReference; lastKnownFileType = sourcecode.c.objc; path = VoiceController.m; sourceTree = "<group>"; };
		7DB4FF081FD135A8004EE368 /* Public.h */ = {isa = PBXFileReference; lastKnownFileType = sourcecode.c.h; path = Public.h; sourceTree = "<group>"; };
		7DB4FF0A1FD13D26004EE368 /* UIColor+Category.h */ = {isa = PBXFileReference; lastKnownFileType = sourcecode.c.h; path = "UIColor+Category.h"; sourceTree = "<group>"; };
		7DB4FF0B1FD13D26004EE368 /* UIColor+Category.m */ = {isa = PBXFileReference; lastKnownFileType = sourcecode.c.objc; path = "UIColor+Category.m"; sourceTree = "<group>"; };
		7DB9B5341FD678F80011EE54 /* ContactsController.h */ = {isa = PBXFileReference; lastKnownFileType = sourcecode.c.h; path = ContactsController.h; sourceTree = "<group>"; };
		7DB9B5351FD678F80011EE54 /* ContactsController.m */ = {isa = PBXFileReference; lastKnownFileType = sourcecode.c.objc; path = ContactsController.m; sourceTree = "<group>"; };
		7DB9B5371FD6A47D0011EE54 /* ContactModel.h */ = {isa = PBXFileReference; lastKnownFileType = sourcecode.c.h; path = ContactModel.h; sourceTree = "<group>"; };
		7DB9B5381FD6A47D0011EE54 /* ContactModel.m */ = {isa = PBXFileReference; lastKnownFileType = sourcecode.c.objc; path = ContactModel.m; sourceTree = "<group>"; };
		7DB9B53A1FD792300011EE54 /* AudioRecorderManager.h */ = {isa = PBXFileReference; lastKnownFileType = sourcecode.c.h; path = AudioRecorderManager.h; sourceTree = "<group>"; };
		7DB9B53B1FD792300011EE54 /* AudioRecorderManager.m */ = {isa = PBXFileReference; lastKnownFileType = sourcecode.c.objc; path = AudioRecorderManager.m; sourceTree = "<group>"; };
		7DB9B53D1FD7DE9B0011EE54 /* RecorderViewController.h */ = {isa = PBXFileReference; lastKnownFileType = sourcecode.c.h; path = RecorderViewController.h; sourceTree = "<group>"; };
		7DB9B53E1FD7DE9B0011EE54 /* RecorderViewController.m */ = {isa = PBXFileReference; lastKnownFileType = sourcecode.c.objc; path = RecorderViewController.m; sourceTree = "<group>"; };
		7DB9B5401FD7E0440011EE54 /* CustomContactsController.h */ = {isa = PBXFileReference; lastKnownFileType = sourcecode.c.h; path = CustomContactsController.h; sourceTree = "<group>"; };
		7DB9B5411FD7E0440011EE54 /* CustomContactsController.m */ = {isa = PBXFileReference; lastKnownFileType = sourcecode.c.objc; path = CustomContactsController.m; sourceTree = "<group>"; };
		7DB9B5471FD7E6710011EE54 /* VideoBottomView.h */ = {isa = PBXFileReference; lastKnownFileType = sourcecode.c.h; path = VideoBottomView.h; sourceTree = "<group>"; };
		7DB9B5481FD7E6710011EE54 /* VideoBottomView.m */ = {isa = PBXFileReference; lastKnownFileType = sourcecode.c.objc; path = VideoBottomView.m; sourceTree = "<group>"; };
		7DB9B54A1FD7E6800011EE54 /* VideoTopView.h */ = {isa = PBXFileReference; lastKnownFileType = sourcecode.c.h; path = VideoTopView.h; sourceTree = "<group>"; };
		7DB9B54B1FD7E6800011EE54 /* VideoTopView.m */ = {isa = PBXFileReference; lastKnownFileType = sourcecode.c.objc; path = VideoTopView.m; sourceTree = "<group>"; };
		7DB9B54D1FD8D80F0011EE54 /* VideoManager.h */ = {isa = PBXFileReference; lastKnownFileType = sourcecode.c.h; path = VideoManager.h; sourceTree = "<group>"; };
		7DB9B54E1FD8D80F0011EE54 /* VideoManager.m */ = {isa = PBXFileReference; lastKnownFileType = sourcecode.c.objc; path = VideoManager.m; sourceTree = "<group>"; };
		7DB9B5501FD8E7F50011EE54 /* ImagePickController.h */ = {isa = PBXFileReference; lastKnownFileType = sourcecode.c.h; path = ImagePickController.h; sourceTree = "<group>"; };
		7DB9B5511FD8E7F50011EE54 /* ImagePickController.m */ = {isa = PBXFileReference; lastKnownFileType = sourcecode.c.objc; path = ImagePickController.m; sourceTree = "<group>"; };
		7DB9B5531FD8FF830011EE54 /* PlayerController.h */ = {isa = PBXFileReference; lastKnownFileType = sourcecode.c.h; path = PlayerController.h; sourceTree = "<group>"; };
		7DB9B5541FD8FF830011EE54 /* PlayerController.m */ = {isa = PBXFileReference; lastKnownFileType = sourcecode.c.objc; path = PlayerController.m; sourceTree = "<group>"; };
		7DB9B5561FD90A570011EE54 /* MovieFileOutputController.h */ = {isa = PBXFileReference; lastKnownFileType = sourcecode.c.h; path = MovieFileOutputController.h; sourceTree = "<group>"; };
		7DB9B5571FD90A570011EE54 /* MovieFileOutputController.m */ = {isa = PBXFileReference; lastKnownFileType = sourcecode.c.objc; path = MovieFileOutputController.m; sourceTree = "<group>"; };
		7DB9B5591FD93C720011EE54 /* BaseVideoController.h */ = {isa = PBXFileReference; lastKnownFileType = sourcecode.c.h; path = BaseVideoController.h; sourceTree = "<group>"; };
		7DB9B55A1FD93C720011EE54 /* BaseVideoController.m */ = {isa = PBXFileReference; lastKnownFileType = sourcecode.c.objc; path = BaseVideoController.m; sourceTree = "<group>"; };
		7DB9B55E1FD97F0B0011EE54 /* AssetWriter.h */ = {isa = PBXFileReference; lastKnownFileType = sourcecode.c.h; path = AssetWriter.h; sourceTree = "<group>"; };
		7DB9B55F1FD97F0B0011EE54 /* AssetWriter.m */ = {isa = PBXFileReference; lastKnownFileType = sourcecode.c.objc; path = AssetWriter.m; sourceTree = "<group>"; };
		7DB9B5611FD97F210011EE54 /* VideoRecorder.h */ = {isa = PBXFileReference; lastKnownFileType = sourcecode.c.h; path = VideoRecorder.h; sourceTree = "<group>"; };
		7DB9B5621FD97F210011EE54 /* VideoRecorder.m */ = {isa = PBXFileReference; lastKnownFileType = sourcecode.c.objc; path = VideoRecorder.m; sourceTree = "<group>"; };
		7DB9B5641FD97FAF0011EE54 /* CustomVideoController.h */ = {isa = PBXFileReference; lastKnownFileType = sourcecode.c.h; path = CustomVideoController.h; sourceTree = "<group>"; };
		7DB9B5651FD97FAF0011EE54 /* CustomVideoController.m */ = {isa = PBXFileReference; lastKnownFileType = sourcecode.c.objc; path = CustomVideoController.m; sourceTree = "<group>"; };
		7DC24C8720206B3D00103BDE /* AppDelegate+Notification.h */ = {isa = PBXFileReference; lastKnownFileType = sourcecode.c.h; path = "AppDelegate+Notification.h"; sourceTree = "<group>"; };
		7DC24C8820206B3D00103BDE /* AppDelegate+Notification.m */ = {isa = PBXFileReference; lastKnownFileType = sourcecode.c.objc; path = "AppDelegate+Notification.m"; sourceTree = "<group>"; };
		7DC24C8A202161A400103BDE /* HuaHong.entitlements */ = {isa = PBXFileReference; lastKnownFileType = text.plist.entitlements; path = HuaHong.entitlements; sourceTree = "<group>"; };
		7DC24C8B20219EF700103BDE /* AnimationView.h */ = {isa = PBXFileReference; lastKnownFileType = sourcecode.c.h; path = AnimationView.h; sourceTree = "<group>"; };
		7DC24C8C20219EF700103BDE /* AnimationView.m */ = {isa = PBXFileReference; lastKnownFileType = sourcecode.c.objc; path = AnimationView.m; sourceTree = "<group>"; };
		7DC24C8E2022A6B100103BDE /* TransitionController.h */ = {isa = PBXFileReference; lastKnownFileType = sourcecode.c.h; path = TransitionController.h; sourceTree = "<group>"; };
		7DC24C8F2022A6B100103BDE /* TransitionController.m */ = {isa = PBXFileReference; lastKnownFileType = sourcecode.c.objc; path = TransitionController.m; sourceTree = "<group>"; };
		7DC24C912022B6E500103BDE /* DrawingBoardController.h */ = {isa = PBXFileReference; lastKnownFileType = sourcecode.c.h; path = DrawingBoardController.h; sourceTree = "<group>"; };
		7DC24C922022B6E500103BDE /* DrawingBoardController.m */ = {isa = PBXFileReference; lastKnownFileType = sourcecode.c.objc; path = DrawingBoardController.m; sourceTree = "<group>"; };
		7DC24C942023001100103BDE /* CustomTransitionPush.h */ = {isa = PBXFileReference; lastKnownFileType = sourcecode.c.h; path = CustomTransitionPush.h; sourceTree = "<group>"; };
		7DC24C952023001100103BDE /* CustomTransitionPush.m */ = {isa = PBXFileReference; lastKnownFileType = sourcecode.c.objc; path = CustomTransitionPush.m; sourceTree = "<group>"; };
		7DC24C972023002900103BDE /* CustomTransitionPop.h */ = {isa = PBXFileReference; lastKnownFileType = sourcecode.c.h; path = CustomTransitionPop.h; sourceTree = "<group>"; };
		7DC24C982023002900103BDE /* CustomTransitionPop.m */ = {isa = PBXFileReference; lastKnownFileType = sourcecode.c.objc; path = CustomTransitionPop.m; sourceTree = "<group>"; };
		7DC24C9A20246C7A00103BDE /* 黑马程序员.mp3 */ = {isa = PBXFileReference; lastKnownFileType = audio.mp3; path = "黑马程序员.mp3"; sourceTree = "<group>"; };
		7DC24C9C2027F96700103BDE /* Speech.framework */ = {isa = PBXFileReference; lastKnownFileType = wrapper.framework; name = Speech.framework; path = System/Library/Frameworks/Speech.framework; sourceTree = SDKROOT; };
		7DC24C9E2028356900103BDE /* DrawBoardView.h */ = {isa = PBXFileReference; lastKnownFileType = sourcecode.c.h; path = DrawBoardView.h; sourceTree = "<group>"; };
		7DC24C9F2028356900103BDE /* DrawBoardView.m */ = {isa = PBXFileReference; lastKnownFileType = sourcecode.c.objc; path = DrawBoardView.m; sourceTree = "<group>"; };
		7DC24CA120283F6500103BDE /* HHBezierPath.h */ = {isa = PBXFileReference; lastKnownFileType = sourcecode.c.h; path = HHBezierPath.h; sourceTree = "<group>"; };
		7DC24CA220283F6500103BDE /* HHBezierPath.m */ = {isa = PBXFileReference; lastKnownFileType = sourcecode.c.objc; path = HHBezierPath.m; sourceTree = "<group>"; };
		7DC94AF61FE901F20042632D /* AnimationController.h */ = {isa = PBXFileReference; lastKnownFileType = sourcecode.c.h; path = AnimationController.h; sourceTree = "<group>"; };
		7DC94AF71FE901F20042632D /* AnimationController.m */ = {isa = PBXFileReference; lastKnownFileType = sourcecode.c.objc; path = AnimationController.m; sourceTree = "<group>"; };
		7DCCFAA6200CC48500902D92 /* DistanceController.h */ = {isa = PBXFileReference; lastKnownFileType = sourcecode.c.h; path = DistanceController.h; sourceTree = "<group>"; };
		7DCCFAA7200CC48500902D92 /* DistanceController.m */ = {isa = PBXFileReference; lastKnownFileType = sourcecode.c.objc; path = DistanceController.m; sourceTree = "<group>"; };
		7DE836C8200F242500003AAF /* AnnotationController.h */ = {isa = PBXFileReference; lastKnownFileType = sourcecode.c.h; path = AnnotationController.h; sourceTree = "<group>"; };
		7DE836C9200F242500003AAF /* AnnotationController.m */ = {isa = PBXFileReference; lastKnownFileType = sourcecode.c.objc; path = AnnotationController.m; sourceTree = "<group>"; };
		7DE836CB200F3EC500003AAF /* MyAnnotationView.h */ = {isa = PBXFileReference; lastKnownFileType = sourcecode.c.h; path = MyAnnotationView.h; sourceTree = "<group>"; };
		7DE836CC200F3EC500003AAF /* MyAnnotationView.m */ = {isa = PBXFileReference; lastKnownFileType = sourcecode.c.objc; path = MyAnnotationView.m; sourceTree = "<group>"; };
		7DE836D12010710500003AAF /* SystemNavigationController.h */ = {isa = PBXFileReference; lastKnownFileType = sourcecode.c.h; path = SystemNavigationController.h; sourceTree = "<group>"; };
		7DE836D22010710500003AAF /* SystemNavigationController.m */ = {isa = PBXFileReference; lastKnownFileType = sourcecode.c.objc; path = SystemNavigationController.m; sourceTree = "<group>"; };
		7DE8D57B1FC527F000577762 /* HomeVC.h */ = {isa = PBXFileReference; lastKnownFileType = sourcecode.c.h; path = HomeVC.h; sourceTree = "<group>"; };
		7DE8D57C1FC527F000577762 /* HomeVC.m */ = {isa = PBXFileReference; lastKnownFileType = sourcecode.c.objc; path = HomeVC.m; sourceTree = "<group>"; };
		7DE8D5851FC556DE00577762 /* Main.storyboard */ = {isa = PBXFileReference; lastKnownFileType = file.storyboard; path = Main.storyboard; sourceTree = "<group>"; };
		7DE8D5891FC55A6C00577762 /* UtilsMacro.h */ = {isa = PBXFileReference; lastKnownFileType = sourcecode.c.h; path = UtilsMacro.h; sourceTree = "<group>"; };
		7DE8D58D1FC576ED00577762 /* UIViewExt.h */ = {isa = PBXFileReference; fileEncoding = 4; lastKnownFileType = sourcecode.c.h; path = UIViewExt.h; sourceTree = "<group>"; };
		7DE8D58E1FC576ED00577762 /* UIViewExt.m */ = {isa = PBXFileReference; fileEncoding = 4; lastKnownFileType = sourcecode.c.objc; path = UIViewExt.m; sourceTree = "<group>"; };
		7DE8D58F1FC576ED00577762 /* Utils.h */ = {isa = PBXFileReference; fileEncoding = 4; lastKnownFileType = sourcecode.c.h; path = Utils.h; sourceTree = "<group>"; };
		7DE8D5901FC576ED00577762 /* Utils.m */ = {isa = PBXFileReference; fileEncoding = 4; lastKnownFileType = sourcecode.c.objc; path = Utils.m; sourceTree = "<group>"; };
		7DE8D5941FC5773300577762 /* DesUtil.h */ = {isa = PBXFileReference; fileEncoding = 4; lastKnownFileType = sourcecode.c.h; path = DesUtil.h; sourceTree = "<group>"; };
		7DE8D5951FC5773300577762 /* DesUtil.m */ = {isa = PBXFileReference; fileEncoding = 4; lastKnownFileType = sourcecode.c.objc; path = DesUtil.m; sourceTree = "<group>"; };
		7DE8D59D1FC57D4400577762 /* NSString+IdentityCard.h */ = {isa = PBXFileReference; fileEncoding = 4; lastKnownFileType = sourcecode.c.h; path = "NSString+IdentityCard.h"; sourceTree = "<group>"; };
		7DE8D59E1FC57D4400577762 /* NSString+IdentityCard.m */ = {isa = PBXFileReference; fileEncoding = 4; lastKnownFileType = sourcecode.c.objc; path = "NSString+IdentityCard.m"; sourceTree = "<group>"; };
		7DE8D5A01FC69BB800577762 /* UILabel+autoReSize.h */ = {isa = PBXFileReference; fileEncoding = 4; lastKnownFileType = sourcecode.c.h; path = "UILabel+autoReSize.h"; sourceTree = "<group>"; };
		7DE8D5A11FC69BB800577762 /* UILabel+autoReSize.m */ = {isa = PBXFileReference; fileEncoding = 4; lastKnownFileType = sourcecode.c.objc; path = "UILabel+autoReSize.m"; sourceTree = "<group>"; };
		7DE8D5A61FC6B73600577762 /* home.plist */ = {isa = PBXFileReference; lastKnownFileType = text.plist.xml; path = home.plist; sourceTree = "<group>"; };
		7DE8D5AA1FC6D1B900577762 /* LocationManager.h */ = {isa = PBXFileReference; lastKnownFileType = sourcecode.c.h; path = LocationManager.h; sourceTree = "<group>"; };
		7DE8D5AB1FC6D1B900577762 /* LocationManager.m */ = {isa = PBXFileReference; lastKnownFileType = sourcecode.c.objc; path = LocationManager.m; sourceTree = "<group>"; };
		7DFB1BA41FCE937C0033D9E2 /* CollectionHeadView.h */ = {isa = PBXFileReference; lastKnownFileType = sourcecode.c.h; path = CollectionHeadView.h; sourceTree = "<group>"; };
		7DFB1BA51FCE937C0033D9E2 /* CollectionHeadView.m */ = {isa = PBXFileReference; lastKnownFileType = sourcecode.c.objc; path = CollectionHeadView.m; sourceTree = "<group>"; };
		7DFB1BA71FCE94380033D9E2 /* HomeFlowLayout.h */ = {isa = PBXFileReference; lastKnownFileType = sourcecode.c.h; path = HomeFlowLayout.h; sourceTree = "<group>"; };
		7DFB1BA81FCE94380033D9E2 /* HomeFlowLayout.m */ = {isa = PBXFileReference; lastKnownFileType = sourcecode.c.objc; path = HomeFlowLayout.m; sourceTree = "<group>"; };
		7DFB1BD61FCFD27E0033D9E2 /* WaterFallLayout.h */ = {isa = PBXFileReference; lastKnownFileType = sourcecode.c.h; path = WaterFallLayout.h; sourceTree = "<group>"; };
		7DFB1BD71FCFD27E0033D9E2 /* WaterFallLayout.m */ = {isa = PBXFileReference; lastKnownFileType = sourcecode.c.objc; path = WaterFallLayout.m; sourceTree = "<group>"; };
		7DFB1BDA1FCFD4580033D9E2 /* UpLoadViewController.h */ = {isa = PBXFileReference; lastKnownFileType = sourcecode.c.h; path = UpLoadViewController.h; sourceTree = "<group>"; };
		7DFB1BDB1FCFD4580033D9E2 /* UpLoadViewController.m */ = {isa = PBXFileReference; lastKnownFileType = sourcecode.c.objc; path = UpLoadViewController.m; sourceTree = "<group>"; };
		7DFB1BDD1FCFDDB30033D9E2 /* WaterFallController.h */ = {isa = PBXFileReference; lastKnownFileType = sourcecode.c.h; path = WaterFallController.h; sourceTree = "<group>"; };
		7DFB1BDE1FCFDDB30033D9E2 /* WaterFallController.m */ = {isa = PBXFileReference; lastKnownFileType = sourcecode.c.objc; path = WaterFallController.m; sourceTree = "<group>"; };
		7DFB1BE11FCFE2420033D9E2 /* LightSinceController.h */ = {isa = PBXFileReference; lastKnownFileType = sourcecode.c.h; path = LightSinceController.h; sourceTree = "<group>"; };
		7DFB1BE21FCFE2420033D9E2 /* LightSinceController.m */ = {isa = PBXFileReference; lastKnownFileType = sourcecode.c.objc; path = LightSinceController.m; sourceTree = "<group>"; };
		7DFB1BE41FCFE6EB0033D9E2 /* ThreeDTouchController.h */ = {isa = PBXFileReference; lastKnownFileType = sourcecode.c.h; path = ThreeDTouchController.h; sourceTree = "<group>"; };
		7DFB1BE51FCFE6EB0033D9E2 /* ThreeDTouchController.m */ = {isa = PBXFileReference; lastKnownFileType = sourcecode.c.objc; path = ThreeDTouchController.m; sourceTree = "<group>"; };
		7DFB1BE71FCFE8390033D9E2 /* presentViewController.h */ = {isa = PBXFileReference; lastKnownFileType = sourcecode.c.h; path = presentViewController.h; sourceTree = "<group>"; };
		7DFB1BE81FCFE8390033D9E2 /* presentViewController.m */ = {isa = PBXFileReference; lastKnownFileType = sourcecode.c.objc; path = presentViewController.m; sourceTree = "<group>"; };
		9AB1874EA98924911D4A28EB /* Pods-HuaHong.debug.xcconfig */ = {isa = PBXFileReference; includeInIndex = 1; lastKnownFileType = text.xcconfig; name = "Pods-HuaHong.debug.xcconfig"; path = "Pods/Target Support Files/Pods-HuaHong/Pods-HuaHong.debug.xcconfig"; sourceTree = "<group>"; };
/* End PBXFileReference section */

/* Begin PBXFrameworksBuildPhase section */
		7D0DA82D1FC50D7000774E40 /* Frameworks */ = {
			isa = PBXFrameworksBuildPhase;
			buildActionMask = 2147483647;
			files = (
				7DC24C9D2027F96700103BDE /* Speech.framework in Frameworks */,
				7D4AFAFF20108D430018AB3D /* libcrypto.a in Frameworks */,
				7D4AFB0020108D430018AB3D /* libssl.a in Frameworks */,
				274CC725C5FA2E95D0D6CA4D /* libPods-HuaHong.a in Frameworks */,
			);
			runOnlyForDeploymentPostprocessing = 0;
		};
/* End PBXFrameworksBuildPhase section */

/* Begin PBXGroup section */
		7D0DA8271FC50D7000774E40 = {
			isa = PBXGroup;
			children = (
				7D0DA8321FC50D7000774E40 /* HuaHong */,
				7D0DA8311FC50D7000774E40 /* Products */,
				A3E05E8260C4D86AEAF6644D /* Pods */,
				C0F58A3743C28E2FADB6F68F /* Frameworks */,
			);
			sourceTree = "<group>";
		};
		7D0DA8311FC50D7000774E40 /* Products */ = {
			isa = PBXGroup;
			children = (
				7D0DA8301FC50D7000774E40 /* HuaHong.app */,
			);
			name = Products;
			sourceTree = "<group>";
		};
		7D0DA8321FC50D7000774E40 /* HuaHong */ = {
			isa = PBXGroup;
			children = (
				7DC24C8A202161A400103BDE /* HuaHong.entitlements */,
				7DFB1BA31FCE93360033D9E2 /* 首页 */,
				7D398FA72009BEF800994A3C /* 常用控件 */,
				7D398FAE200A10B700994A3C /* 上拉加载 */,
				7D398FA62009BE7800994A3C /* Storyboard */,
				7D398FA52009BE3C00994A3C /* Swift */,
				7D2FF20F200892C700ECAA26 /* 测试 */,
				7D2FF20E200892B900ECAA26 /* Base */,
				7D2FF0B21FFCAEF900ECAA26 /* 二维码 */,
				7DC94AF51FE901770042632D /* 动画 */,
				7DB9B5431FD7E4460011EE54 /* 视频 */,
				7DB4FF011FD134BD004EE368 /* 音频 */,
				7D21720E1FDA863C008698C9 /* 蓝牙 */,
				7DB9B5331FD6787B0011EE54 /* 通讯录 */,
				7D957EB41FD4DC1300D0A4D5 /* 相册 */,
				7DFB1BE01FCFE2220033D9E2 /* 传感器 */,
				7DFB1BD91FCFD4440033D9E2 /* 网络请求 */,
				7D2FF1FE2008916700ECAA26 /* 导航栏标签栏 */,
				7DFB1BD51FCFD2480033D9E2 /* 瀑布流 */,
				7DE8D5A91FC6D12F00577762 /* 地图定位 */,
				7D2DE5EC2015B88E001590E1 /* 数据存储 */,
				7D2DE5F4201701F8001590E1 /* 绘图 */,
				7D5393E0201AF855006D2712 /* 手势交互 */,
				7D5393E7202013E4006D2712 /* 定时器 */,
				7DE8D58A1FC576ED00577762 /* Catagory */,
				7D3623E11FCE51B400C77874 /* Common */,
				7D0DA8331FC50D7000774E40 /* AppDelegate.h */,
				7D0DA8341FC50D7000774E40 /* AppDelegate.m */,
				7DC24C8720206B3D00103BDE /* AppDelegate+Notification.h */,
				7DC24C8820206B3D00103BDE /* AppDelegate+Notification.m */,
				7DB4FF081FD135A8004EE368 /* Public.h */,
				7DE8D5851FC556DE00577762 /* Main.storyboard */,
				7D2DE5F320170015001590E1 /* PrefixHeader.pch */,
				7D0DA8441FC50D7000774E40 /* Info.plist */,
				7D0DA8451FC50D7000774E40 /* main.m */,
				7D0DA83C1FC50D7000774E40 /* HuaHong.xcdatamodeld */,
				7D957EB81FD4DFC900D0A4D5 /* Assets.xcassets */,
				7D2FF2132008970400ECAA26 /* Supporting Files */,
			);
			path = HuaHong;
			sourceTree = "<group>";
		};
		7D21720E1FDA863C008698C9 /* 蓝牙 */ = {
			isa = PBXGroup;
			children = (
				7D21720F1FDA86D8008698C9 /* BlueToothController.h */,
				7D2172101FDA86D8008698C9 /* BlueToothController.m */,
			);
			path = "蓝牙";
			sourceTree = "<group>";
		};
		7D2DE5EC2015B88E001590E1 /* 数据存储 */ = {
			isa = PBXGroup;
			children = (
				7D2DE5ED2015B8B8001590E1 /* DataStorageController.h */,
				7D2DE5EE2015B8B8001590E1 /* DataStorageController.m */,
				7D2DE5F02015BBCF001590E1 /* DataModel.h */,
				7D2DE5F12015BBCF001590E1 /* DataModel.m */,
			);
			path = "数据存储";
			sourceTree = "<group>";
		};
		7D2DE5F4201701F8001590E1 /* 绘图 */ = {
			isa = PBXGroup;
			children = (
				7D2DE5F520170227001590E1 /* DrawView.h */,
				7D2DE5F620170227001590E1 /* DrawView.m */,
				7D5393BB2019746B006D2712 /* DrawController.h */,
				7D5393BC2019746B006D2712 /* DrawController.m */,
				7D5393E4201F22D1006D2712 /* ClockViewController.h */,
				7D5393E5201F22D1006D2712 /* ClockViewController.m */,
				7DC24C912022B6E500103BDE /* DrawingBoardController.h */,
				7DC24C922022B6E500103BDE /* DrawingBoardController.m */,
				7DC24C9E2028356900103BDE /* DrawBoardView.h */,
				7DC24C9F2028356900103BDE /* DrawBoardView.m */,
				7DC24CA120283F6500103BDE /* HHBezierPath.h */,
				7DC24CA220283F6500103BDE /* HHBezierPath.m */,
			);
			path = "绘图";
			sourceTree = "<group>";
		};
		7D2FF0B21FFCAEF900ECAA26 /* 二维码 */ = {
			isa = PBXGroup;
			children = (
				7D2FF0B61FFCDB1100ECAA26 /* ScanView.h */,
				7D2FF0B71FFCDB1100ECAA26 /* ScanView.m */,
				7D2FF0B91FFDFEE900ECAA26 /* QRCodeController.h */,
				7D2FF0BA1FFDFEE900ECAA26 /* QRCodeController.m */,
				7D2FF0BC1FFF4B4600ECAA26 /* CreatQRCodeController.h */,
				7D2FF0BD1FFF4B4600ECAA26 /* CreatQRCodeController.m */,
			);
			path = "二维码";
			sourceTree = "<group>";
		};
		7D2FF1FE2008916700ECAA26 /* 导航栏标签栏 */ = {
			isa = PBXGroup;
			children = (
				7D2FF1FF2008916700ECAA26 /* NavigationController.h */,
				7D2FF2042008916700ECAA26 /* NavigationController.m */,
				7D2FF2082008916700ECAA26 /* UIViewController+ShouldPopOnBackButton.h */,
				7D2FF2002008916700ECAA26 /* UIViewController+ShouldPopOnBackButton.m */,
				7D2FF2032008916700ECAA26 /* UINavigationController+BackButtonHandler.h */,
				7D2FF2052008916700ECAA26 /* UINavigationController+BackButtonHandler.m */,
				7D2FF2022008916700ECAA26 /* HHTabBar.h */,
				7D2FF2062008916700ECAA26 /* HHTabBar.m */,
				7D2FF2012008916700ECAA26 /* TabBarViewController.h */,
				7D2FF2072008916700ECAA26 /* TabBarViewController.m */,
			);
			name = "导航栏标签栏";
			path = "HuaHong/导航栏标签栏";
			sourceTree = SOURCE_ROOT;
		};
		7D2FF20E200892B900ECAA26 /* Base */ = {
			isa = PBXGroup;
			children = (
				7D88EE1F1FC8076B00CC76FE /* BaseViewController.h */,
				7D88EE201FC8076B00CC76FE /* BaseViewController.m */,
			);
			path = Base;
			sourceTree = "<group>";
		};
		7D2FF20F200892C700ECAA26 /* 测试 */ = {
			isa = PBXGroup;
			children = (
				7D2FF0AF1FF4F91400ECAA26 /* TestView.h */,
				7D2FF0B01FF4F91400ECAA26 /* TestView.m */,
				7D2FF2102008935F00ECAA26 /* TestViewController.h */,
				7D2FF2112008935F00ECAA26 /* TestViewController.m */,
			);
			path = "测试";
			sourceTree = "<group>";
		};
		7D2FF2132008970400ECAA26 /* Supporting Files */ = {
			isa = PBXGroup;
			children = (
				7DC24C9A20246C7A00103BDE /* 黑马程序员.mp3 */,
				7DE8D5A61FC6B73600577762 /* home.plist */,
				7D2FF0C52004A38000ECAA26 /* selfS.MOV */,
				7D2FF0C82004A39A00ECAA26 /* music.mp3 */,
				7D2FF0CD2004AB4900ECAA26 /* weixinY.mp4 */,
			);
			path = "Supporting Files";
			sourceTree = "<group>";
		};
		7D3623E11FCE51B400C77874 /* Common */ = {
			isa = PBXGroup;
			children = (
				7DE8D5891FC55A6C00577762 /* UtilsMacro.h */,
				7DE8D58F1FC576ED00577762 /* Utils.h */,
				7DE8D5901FC576ED00577762 /* Utils.m */,
				7DE8D5941FC5773300577762 /* DesUtil.h */,
				7DE8D5951FC5773300577762 /* DesUtil.m */,
			);
			path = Common;
			sourceTree = "<group>";
		};
		7D398FA52009BE3C00994A3C /* Swift */ = {
			isa = PBXGroup;
			children = (
				7D2FF1FB20084F3500ECAA26 /* HuaHong-Bridging-Header.h */,
				7D2FF1FC20084F3600ECAA26 /* SwiftHomeController.swift */,
			);
			path = Swift;
			sourceTree = "<group>";
		};
		7D398FA62009BE7800994A3C /* Storyboard */ = {
			isa = PBXGroup;
			children = (
				7D2FF1F820084F0D00ECAA26 /* StoryboardHomeController.h */,
				7D2FF1F920084F0D00ECAA26 /* StoryboardHomeController.m */,
				7D4AFB042011C9FE0018AB3D /* LoginViewController.h */,
				7D4AFB052011C9FE0018AB3D /* LoginViewController.m */,
				7D4AFB0A2011D78A0018AB3D /* ContactController.h */,
				7D4AFB0B2011D78A0018AB3D /* ContactController.m */,
			);
			path = Storyboard;
			sourceTree = "<group>";
		};
		7D398FA72009BEF800994A3C /* 常用控件 */ = {
			isa = PBXGroup;
			children = (
				7D398FA82009BFBE00994A3C /* TableViewVC.h */,
				7D398FA92009BFBE00994A3C /* TableViewVC.m */,
			);
			path = "常用控件";
			sourceTree = "<group>";
		};
		7D398FAE200A10B700994A3C /* 上拉加载 */ = {
			isa = PBXGroup;
			children = (
				7D398FAB200A0B8000994A3C /* PullUpRefreshView.h */,
				7D398FAC200A0B8000994A3C /* PullUpRefreshView.m */,
				7D398FAF200A29BE00994A3C /* UIScrollView+Refresh.h */,
				7D398FB0200A29BE00994A3C /* UIScrollView+Refresh.m */,
			);
			path = "上拉加载";
			sourceTree = "<group>";
		};
		7D5393E0201AF855006D2712 /* 手势交互 */ = {
			isa = PBXGroup;
			children = (
				7D5393E1201AF916006D2712 /* TouchController.h */,
				7D5393E2201AF916006D2712 /* TouchController.m */,
			);
			path = "手势交互";
			sourceTree = "<group>";
		};
		7D5393E7202013E4006D2712 /* 定时器 */ = {
			isa = PBXGroup;
			children = (
				7D5393E8202013F4006D2712 /* TimerController.h */,
				7D5393E9202013F4006D2712 /* TimerController.m */,
			);
			path = "定时器";
			sourceTree = "<group>";
		};
		7D957EB41FD4DC1300D0A4D5 /* 相册 */ = {
			isa = PBXGroup;
			children = (
				7D957EB51FD4DC4900D0A4D5 /* TakePhotoController.h */,
				7D957EB61FD4DC4900D0A4D5 /* TakePhotoController.m */,
				7D957EBA1FD531CE00D0A4D5 /* PhotoListController.h */,
				7D957EBB1FD531CE00D0A4D5 /* PhotoListController.m */,
				7D957EBD1FD5337000D0A4D5 /* PhotoListCell.h */,
				7D957EBE1FD5337000D0A4D5 /* PhotoListCell.m */,
			);
			path = "相册";
			sourceTree = "<group>";
		};
		7DB4FF011FD134BD004EE368 /* 音频 */ = {
			isa = PBXGroup;
			children = (
				7DB4FF021FD134D2004EE368 /* VoiceManager.h */,
				7DB4FF031FD134D2004EE368 /* VoiceManager.m */,
				7DB9B53A1FD792300011EE54 /* AudioRecorderManager.h */,
				7DB9B53B1FD792300011EE54 /* AudioRecorderManager.m */,
				7DB4FF051FD1352B004EE368 /* VoiceController.h */,
				7DB4FF061FD1352B004EE368 /* VoiceController.m */,
				7DB9B53D1FD7DE9B0011EE54 /* RecorderViewController.h */,
				7DB9B53E1FD7DE9B0011EE54 /* RecorderViewController.m */,
			);
			path = "音频";
			sourceTree = "<group>";
		};
		7DB9B5331FD6787B0011EE54 /* 通讯录 */ = {
			isa = PBXGroup;
			children = (
				7DB9B5341FD678F80011EE54 /* ContactsController.h */,
				7DB9B5351FD678F80011EE54 /* ContactsController.m */,
				7DB9B5401FD7E0440011EE54 /* CustomContactsController.h */,
				7DB9B5411FD7E0440011EE54 /* CustomContactsController.m */,
				7DB9B5371FD6A47D0011EE54 /* ContactModel.h */,
				7DB9B5381FD6A47D0011EE54 /* ContactModel.m */,
			);
			path = "通讯录";
			sourceTree = "<group>";
		};
		7DB9B5431FD7E4460011EE54 /* 视频 */ = {
			isa = PBXGroup;
			children = (
				7DB9B55D1FD97E840011EE54 /* CustomVideo */,
				7DB9B55C1FD97E320011EE54 /* View */,
				7DB9B54D1FD8D80F0011EE54 /* VideoManager.h */,
				7DB9B54E1FD8D80F0011EE54 /* VideoManager.m */,
				7DB9B5531FD8FF830011EE54 /* PlayerController.h */,
				7DB9B5541FD8FF830011EE54 /* PlayerController.m */,
				7DB9B5501FD8E7F50011EE54 /* ImagePickController.h */,
				7DB9B5511FD8E7F50011EE54 /* ImagePickController.m */,
				7DB9B5591FD93C720011EE54 /* BaseVideoController.h */,
				7DB9B55A1FD93C720011EE54 /* BaseVideoController.m */,
				7DB9B5561FD90A570011EE54 /* MovieFileOutputController.h */,
				7DB9B5571FD90A570011EE54 /* MovieFileOutputController.m */,
				7D2FF0CA2004A3E300ECAA26 /* AddVideoController.h */,
				7D2FF0CB2004A3E300ECAA26 /* AddVideoController.m */,
			);
			path = "视频";
			sourceTree = "<group>";
		};
		7DB9B55C1FD97E320011EE54 /* View */ = {
			isa = PBXGroup;
			children = (
				7DB9B54A1FD7E6800011EE54 /* VideoTopView.h */,
				7DB9B54B1FD7E6800011EE54 /* VideoTopView.m */,
				7DB9B5471FD7E6710011EE54 /* VideoBottomView.h */,
				7DB9B5481FD7E6710011EE54 /* VideoBottomView.m */,
			);
			path = View;
			sourceTree = "<group>";
		};
		7DB9B55D1FD97E840011EE54 /* CustomVideo */ = {
			isa = PBXGroup;
			children = (
				7DB9B55E1FD97F0B0011EE54 /* AssetWriter.h */,
				7DB9B55F1FD97F0B0011EE54 /* AssetWriter.m */,
				7DB9B5611FD97F210011EE54 /* VideoRecorder.h */,
				7DB9B5621FD97F210011EE54 /* VideoRecorder.m */,
				7DB9B5641FD97FAF0011EE54 /* CustomVideoController.h */,
				7DB9B5651FD97FAF0011EE54 /* CustomVideoController.m */,
			);
			path = CustomVideo;
			sourceTree = "<group>";
		};
		7DC94AF51FE901770042632D /* 动画 */ = {
			isa = PBXGroup;
			children = (
				7DC94AF61FE901F20042632D /* AnimationController.h */,
				7DC94AF71FE901F20042632D /* AnimationController.m */,
				7DC24C8B20219EF700103BDE /* AnimationView.h */,
				7DC24C8C20219EF700103BDE /* AnimationView.m */,
				7D2FF0BF20030AE600ECAA26 /* LoadingViewController.h */,
				7D2FF0C020030AE600ECAA26 /* LoadingViewController.m */,
				7D2FF0C220030DDA00ECAA26 /* LoadingHUD.h */,
				7D2FF0C320030DDA00ECAA26 /* LoadingHUD.m */,
				7DC24C8E2022A6B100103BDE /* TransitionController.h */,
				7DC24C8F2022A6B100103BDE /* TransitionController.m */,
				7DC24C942023001100103BDE /* CustomTransitionPush.h */,
				7DC24C952023001100103BDE /* CustomTransitionPush.m */,
				7DC24C972023002900103BDE /* CustomTransitionPop.h */,
				7DC24C982023002900103BDE /* CustomTransitionPop.m */,
			);
			path = "动画";
			sourceTree = "<group>";
		};
		7DE8D58A1FC576ED00577762 /* Catagory */ = {
			isa = PBXGroup;
			children = (
				7D2DE5FB20181CF0001590E1 /* NSArray+Log.h */,
				7D2DE5F820181CEF001590E1 /* NSArray+Log.m */,
				7D2DE5F920181CEF001590E1 /* NSDictionary+Log.h */,
				7D2DE5FA20181CEF001590E1 /* NSDictionary+Log.m */,
				7DE8D5A01FC69BB800577762 /* UILabel+autoReSize.h */,
				7DE8D5A11FC69BB800577762 /* UILabel+autoReSize.m */,
				7DE8D59D1FC57D4400577762 /* NSString+IdentityCard.h */,
				7DE8D59E1FC57D4400577762 /* NSString+IdentityCard.m */,
				7DE8D58D1FC576ED00577762 /* UIViewExt.h */,
				7DE8D58E1FC576ED00577762 /* UIViewExt.m */,
				7DB4FF0A1FD13D26004EE368 /* UIColor+Category.h */,
				7DB4FF0B1FD13D26004EE368 /* UIColor+Category.m */,
			);
			path = Catagory;
			sourceTree = "<group>";
		};
		7DE8D5A91FC6D12F00577762 /* 地图定位 */ = {
			isa = PBXGroup;
			children = (
				7DE8D5AA1FC6D1B900577762 /* LocationManager.h */,
				7DE8D5AB1FC6D1B900577762 /* LocationManager.m */,
				7D88EE1C1FC7EAC200CC76FE /* MapViewController.h */,
				7D88EE1D1FC7EAC200CC76FE /* MapViewController.m */,
				7DE836C8200F242500003AAF /* AnnotationController.h */,
				7DE836C9200F242500003AAF /* AnnotationController.m */,
				7D398FB2200B32DE00994A3C /* HHAnnotation.h */,
				7D398FB3200B32DE00994A3C /* HHAnnotation.m */,
				7DE836CB200F3EC500003AAF /* MyAnnotationView.h */,
				7DE836CC200F3EC500003AAF /* MyAnnotationView.m */,
				7DE836D12010710500003AAF /* SystemNavigationController.h */,
				7DE836D22010710500003AAF /* SystemNavigationController.m */,
				7D4AFB012010946B0018AB3D /* BaiDuMapController.h */,
				7D4AFB022010946B0018AB3D /* BaiDuMapController.m */,
			);
			path = "地图定位";
			sourceTree = "<group>";
		};
		7DFB1BA31FCE93360033D9E2 /* 首页 */ = {
			isa = PBXGroup;
			children = (
				7DE8D57B1FC527F000577762 /* HomeVC.h */,
				7DE8D57C1FC527F000577762 /* HomeVC.m */,
				7D2FF0B31FFCB97700ECAA26 /* HomeLeftCell.h */,
				7D2FF0B41FFCB97700ECAA26 /* HomeLeftCell.m */,
				7DFB1BA41FCE937C0033D9E2 /* CollectionHeadView.h */,
				7DFB1BA51FCE937C0033D9E2 /* CollectionHeadView.m */,
				7DFB1BA71FCE94380033D9E2 /* HomeFlowLayout.h */,
				7DFB1BA81FCE94380033D9E2 /* HomeFlowLayout.m */,
			);
			path = "首页";
			sourceTree = "<group>";
		};
		7DFB1BD51FCFD2480033D9E2 /* 瀑布流 */ = {
			isa = PBXGroup;
			children = (
				7DFB1BD61FCFD27E0033D9E2 /* WaterFallLayout.h */,
				7DFB1BD71FCFD27E0033D9E2 /* WaterFallLayout.m */,
				7DFB1BDD1FCFDDB30033D9E2 /* WaterFallController.h */,
				7DFB1BDE1FCFDDB30033D9E2 /* WaterFallController.m */,
			);
			path = "瀑布流";
			sourceTree = "<group>";
		};
		7DFB1BD91FCFD4440033D9E2 /* 网络请求 */ = {
			isa = PBXGroup;
			children = (
				7DFB1BDA1FCFD4580033D9E2 /* UpLoadViewController.h */,
				7DFB1BDB1FCFD4580033D9E2 /* UpLoadViewController.m */,
				7D2FF0AC1FF397E000ECAA26 /* MultiRequestController.h */,
				7D2FF0AD1FF397E000ECAA26 /* MultiRequestController.m */,
			);
			path = "网络请求";
			sourceTree = "<group>";
		};
		7DFB1BE01FCFE2220033D9E2 /* 传感器 */ = {
			isa = PBXGroup;
			children = (
				7DFB1BE11FCFE2420033D9E2 /* LightSinceController.h */,
				7DFB1BE21FCFE2420033D9E2 /* LightSinceController.m */,
				7DFB1BE41FCFE6EB0033D9E2 /* ThreeDTouchController.h */,
				7DFB1BE51FCFE6EB0033D9E2 /* ThreeDTouchController.m */,
				7DFB1BE71FCFE8390033D9E2 /* presentViewController.h */,
				7DFB1BE81FCFE8390033D9E2 /* presentViewController.m */,
				7DCCFAA6200CC48500902D92 /* DistanceController.h */,
				7DCCFAA7200CC48500902D92 /* DistanceController.m */,
			);
			path = "传感器";
			sourceTree = "<group>";
		};
		A3E05E8260C4D86AEAF6644D /* Pods */ = {
			isa = PBXGroup;
			children = (
				9AB1874EA98924911D4A28EB /* Pods-HuaHong.debug.xcconfig */,
				6696974C8B0A708887FDD327 /* Pods-HuaHong.release.xcconfig */,
			);
			name = Pods;
			sourceTree = "<group>";
		};
		C0F58A3743C28E2FADB6F68F /* Frameworks */ = {
			isa = PBXGroup;
			children = (
				7DC24C9C2027F96700103BDE /* Speech.framework */,
				7D811F82200CACAA005C168F /* libcrypto.a */,
				7D811F83200CACAA005C168F /* libssl.a */,
				3B52946878D5292B5E50EB86 /* libPods-HuaHong.a */,
			);
			name = Frameworks;
			sourceTree = "<group>";
		};
/* End PBXGroup section */

/* Begin PBXNativeTarget section */
		7D0DA82F1FC50D7000774E40 /* HuaHong */ = {
			isa = PBXNativeTarget;
			buildConfigurationList = 7D0DA8491FC50D7000774E40 /* Build configuration list for PBXNativeTarget "HuaHong" */;
			buildPhases = (
				5005276F3D96BCC92D0E51DF /* [CP] Check Pods Manifest.lock */,
				7D0DA82C1FC50D7000774E40 /* Sources */,
				7D0DA82D1FC50D7000774E40 /* Frameworks */,
				7D0DA82E1FC50D7000774E40 /* Resources */,
				898847096188163B74DF253D /* [CP] Embed Pods Frameworks */,
				82BBFF3B4CCC452186D8780B /* [CP] Copy Pods Resources */,
			);
			buildRules = (
			);
			dependencies = (
			);
			name = HuaHong;
			productName = HuaHong;
			productReference = 7D0DA8301FC50D7000774E40 /* HuaHong.app */;
			productType = "com.apple.product-type.application";
		};
/* End PBXNativeTarget section */

/* Begin PBXProject section */
		7D0DA8281FC50D7000774E40 /* Project object */ = {
			isa = PBXProject;
			attributes = {
				LastUpgradeCheck = 0910;
				ORGANIZATIONNAME = huahong;
				TargetAttributes = {
					7D0DA82F1FC50D7000774E40 = {
						CreatedOnToolsVersion = 9.1;
						LastSwiftMigration = 0910;
						ProvisioningStyle = Manual;
						SystemCapabilities = {
							com.apple.BackgroundModes = {
								enabled = 1;
							};
							com.apple.Push = {
								enabled = 1;
							};
						};
					};
				};
			};
			buildConfigurationList = 7D0DA82B1FC50D7000774E40 /* Build configuration list for PBXProject "HuaHong" */;
			compatibilityVersion = "Xcode 8.0";
			developmentRegion = en;
			hasScannedForEncodings = 0;
			knownRegions = (
				en,
				Base,
			);
			mainGroup = 7D0DA8271FC50D7000774E40;
			productRefGroup = 7D0DA8311FC50D7000774E40 /* Products */;
			projectDirPath = "";
			projectRoot = "";
			targets = (
				7D0DA82F1FC50D7000774E40 /* HuaHong */,
			);
		};
/* End PBXProject section */

/* Begin PBXResourcesBuildPhase section */
		7D0DA82E1FC50D7000774E40 /* Resources */ = {
			isa = PBXResourcesBuildPhase;
			buildActionMask = 2147483647;
			files = (
				7D2FF0C92004A39A00ECAA26 /* music.mp3 in Resources */,
				7DE8D5861FC556DE00577762 /* Main.storyboard in Resources */,
				7D957EB91FD4DFCA00D0A4D5 /* Assets.xcassets in Resources */,
				7D2FF0CE2004AB4900ECAA26 /* weixinY.mp4 in Resources */,
				7D2FF0C62004A38000ECAA26 /* selfS.MOV in Resources */,
				7DC24C9B20246C7A00103BDE /* 黑马程序员.mp3 in Resources */,
				7DE8D5A71FC6B73600577762 /* home.plist in Resources */,
			);
			runOnlyForDeploymentPostprocessing = 0;
		};
/* End PBXResourcesBuildPhase section */

/* Begin PBXShellScriptBuildPhase section */
		5005276F3D96BCC92D0E51DF /* [CP] Check Pods Manifest.lock */ = {
			isa = PBXShellScriptBuildPhase;
			buildActionMask = 2147483647;
			files = (
			);
			inputPaths = (
				"${PODS_PODFILE_DIR_PATH}/Podfile.lock",
				"${PODS_ROOT}/Manifest.lock",
			);
			name = "[CP] Check Pods Manifest.lock";
			outputPaths = (
				"$(DERIVED_FILE_DIR)/Pods-HuaHong-checkManifestLockResult.txt",
			);
			runOnlyForDeploymentPostprocessing = 0;
			shellPath = /bin/sh;
			shellScript = "diff \"${PODS_PODFILE_DIR_PATH}/Podfile.lock\" \"${PODS_ROOT}/Manifest.lock\" > /dev/null\nif [ $? != 0 ] ; then\n    # print error to STDERR\n    echo \"error: The sandbox is not in sync with the Podfile.lock. Run 'pod install' or update your CocoaPods installation.\" >&2\n    exit 1\nfi\n# This output is used by Xcode 'outputs' to avoid re-running this script phase.\necho \"SUCCESS\" > \"${SCRIPT_OUTPUT_FILE_0}\"\n";
			showEnvVarsInLog = 0;
		};
		82BBFF3B4CCC452186D8780B /* [CP] Copy Pods Resources */ = {
			isa = PBXShellScriptBuildPhase;
			buildActionMask = 2147483647;
			files = (
			);
			inputPaths = (
				"${SRCROOT}/Pods/Target Support Files/Pods-HuaHong/Pods-HuaHong-resources.sh",
				"${PODS_ROOT}/BaiduMapKit/BaiduMapKit/BaiduMapAPI_Map.framework/Resources/mapapi.bundle",
				"${PODS_ROOT}/SVProgressHUD/SVProgressHUD/SVProgressHUD.bundle",
			);
			name = "[CP] Copy Pods Resources";
			outputPaths = (
				"${TARGET_BUILD_DIR}/${UNLOCALIZED_RESOURCES_FOLDER_PATH}",
			);
			runOnlyForDeploymentPostprocessing = 0;
			shellPath = /bin/sh;
			shellScript = "\"${SRCROOT}/Pods/Target Support Files/Pods-HuaHong/Pods-HuaHong-resources.sh\"\n";
			showEnvVarsInLog = 0;
		};
		898847096188163B74DF253D /* [CP] Embed Pods Frameworks */ = {
			isa = PBXShellScriptBuildPhase;
			buildActionMask = 2147483647;
			files = (
			);
			inputPaths = (
			);
			name = "[CP] Embed Pods Frameworks";
			outputPaths = (
			);
			runOnlyForDeploymentPostprocessing = 0;
			shellPath = /bin/sh;
			shellScript = "\"${SRCROOT}/Pods/Target Support Files/Pods-HuaHong/Pods-HuaHong-frameworks.sh\"\n";
			showEnvVarsInLog = 0;
		};
/* End PBXShellScriptBuildPhase section */

/* Begin PBXSourcesBuildPhase section */
		7D0DA82C1FC50D7000774E40 /* Sources */ = {
			isa = PBXSourcesBuildPhase;
			buildActionMask = 2147483647;
			files = (
				7DCCFAA8200CC48500902D92 /* DistanceController.m in Sources */,
				7D398FAD200A0B8000994A3C /* PullUpRefreshView.m in Sources */,
				7D2FF0C420030DDA00ECAA26 /* LoadingHUD.m in Sources */,
				7D2FF0AE1FF397E000ECAA26 /* MultiRequestController.m in Sources */,
				7D4AFB062011C9FE0018AB3D /* LoginViewController.m in Sources */,
				7D957EBC1FD531CE00D0A4D5 /* PhotoListController.m in Sources */,
				7DC24CA02028356900103BDE /* DrawBoardView.m in Sources */,
				7DC94AF81FE901F20042632D /* AnimationController.m in Sources */,
				7D2FF0BB1FFDFEE900ECAA26 /* QRCodeController.m in Sources */,
				7DB9B5491FD7E6710011EE54 /* VideoBottomView.m in Sources */,
				7D2FF0C120030AE600ECAA26 /* LoadingViewController.m in Sources */,
				7DB9B5551FD8FF830011EE54 /* PlayerController.m in Sources */,
				7DE8D5A21FC69BB800577762 /* UILabel+autoReSize.m in Sources */,
				7DB9B5581FD90A570011EE54 /* MovieFileOutputController.m in Sources */,
				7D0DA8351FC50D7000774E40 /* AppDelegate.m in Sources */,
				7DE8D5931FC576ED00577762 /* Utils.m in Sources */,
				7DB9B5601FD97F0B0011EE54 /* AssetWriter.m in Sources */,
				7DB9B5521FD8E7F50011EE54 /* ImagePickController.m in Sources */,
				7D2FF0B51FFCB97700ECAA26 /* HomeLeftCell.m in Sources */,
				7DFB1BD81FCFD27E0033D9E2 /* WaterFallLayout.m in Sources */,
				7D4AFB032010946B0018AB3D /* BaiDuMapController.m in Sources */,
				7DE8D5921FC576ED00577762 /* UIViewExt.m in Sources */,
				7DB4FF071FD1352B004EE368 /* VoiceController.m in Sources */,
				7DE836CD200F3EC500003AAF /* MyAnnotationView.m in Sources */,
				7D2FF2092008916700ECAA26 /* UIViewController+ShouldPopOnBackButton.m in Sources */,
				7D398FB4200B32DE00994A3C /* HHAnnotation.m in Sources */,
				7DB9B5631FD97F210011EE54 /* VideoRecorder.m in Sources */,
				7D2FF0B11FF4F91400ECAA26 /* TestView.m in Sources */,
				7DE836CA200F242500003AAF /* AnnotationController.m in Sources */,
				7DFB1BA61FCE937C0033D9E2 /* CollectionHeadView.m in Sources */,
				7DB9B54C1FD7E6800011EE54 /* VideoTopView.m in Sources */,
				7D2FF1FD20084F3600ECAA26 /* SwiftHomeController.swift in Sources */,
				7D2FF1FA20084F0D00ECAA26 /* StoryboardHomeController.m in Sources */,
				7DB9B5661FD97FAF0011EE54 /* CustomVideoController.m in Sources */,
				7D5393EA202013F4006D2712 /* TimerController.m in Sources */,
				7DE8D5961FC5773300577762 /* DesUtil.m in Sources */,
				7D5393E6201F22D1006D2712 /* ClockViewController.m in Sources */,
				7DE8D5AC1FC6D1B900577762 /* LocationManager.m in Sources */,
				7DC24C992023002900103BDE /* CustomTransitionPop.m in Sources */,
				7DFB1BDF1FCFDDB30033D9E2 /* WaterFallController.m in Sources */,
				7D2FF20C2008916700ECAA26 /* HHTabBar.m in Sources */,
				7DB9B54F1FD8D8100011EE54 /* VideoManager.m in Sources */,
				7D957EBF1FD5337000D0A4D5 /* PhotoListCell.m in Sources */,
				7D88EE211FC8076B00CC76FE /* BaseViewController.m in Sources */,
				7D2FF20D2008916700ECAA26 /* TabBarViewController.m in Sources */,
				7D957EB71FD4DC4900D0A4D5 /* TakePhotoController.m in Sources */,
				7DB9B55B1FD93C720011EE54 /* BaseVideoController.m in Sources */,
				7DE8D59F1FC57D4400577762 /* NSString+IdentityCard.m in Sources */,
				7DB9B5361FD678F80011EE54 /* ContactsController.m in Sources */,
				7D2DE5FC20181CF0001590E1 /* NSArray+Log.m in Sources */,
				7DE8D57D1FC527F000577762 /* HomeVC.m in Sources */,
				7D398FB1200A29BE00994A3C /* UIScrollView+Refresh.m in Sources */,
				7DB9B53C1FD792300011EE54 /* AudioRecorderManager.m in Sources */,
				7D5393E3201AF916006D2712 /* TouchController.m in Sources */,
				7D2DE5F720170227001590E1 /* DrawView.m in Sources */,
				7D2FF20B2008916700ECAA26 /* UINavigationController+BackButtonHandler.m in Sources */,
				7DB9B53F1FD7DE9B0011EE54 /* RecorderViewController.m in Sources */,
				7D88EE1E1FC7EAC200CC76FE /* MapViewController.m in Sources */,
				7D2DE5F22015BBCF001590E1 /* DataModel.m in Sources */,
				7DC24C8D20219EF700103BDE /* AnimationView.m in Sources */,
				7DE836D32010710500003AAF /* SystemNavigationController.m in Sources */,
				7D398FAA2009BFBE00994A3C /* TableViewVC.m in Sources */,
				7DC24C8920206B3D00103BDE /* AppDelegate+Notification.m in Sources */,
				7DC24CA320283F6500103BDE /* HHBezierPath.m in Sources */,
				7DB9B5421FD7E0440011EE54 /* CustomContactsController.m in Sources */,
				7D2FF20A2008916700ECAA26 /* NavigationController.m in Sources */,
				7D2FF0BE1FFF4B4600ECAA26 /* CreatQRCodeController.m in Sources */,
				7DFB1BA91FCE94380033D9E2 /* HomeFlowLayout.m in Sources */,
				7D2FF0B81FFCDB1100ECAA26 /* ScanView.m in Sources */,
				7DB4FF041FD134D2004EE368 /* VoiceManager.m in Sources */,
				7DC24C932022B6E500103BDE /* DrawingBoardController.m in Sources */,
				7DB9B5391FD6A47D0011EE54 /* ContactModel.m in Sources */,
				7D0DA8461FC50D7000774E40 /* main.m in Sources */,
				7D2DE5EF2015B8B8001590E1 /* DataStorageController.m in Sources */,
				7DC24C902022A6B100103BDE /* TransitionController.m in Sources */,
				7D2DE5FD20181CF0001590E1 /* NSDictionary+Log.m in Sources */,
				7D4AFB0C2011D78A0018AB3D /* ContactController.m in Sources */,
				7DFB1BE61FCFE6EB0033D9E2 /* ThreeDTouchController.m in Sources */,
				7D2172111FDA86D8008698C9 /* BlueToothController.m in Sources */,
				7DB4FF0C1FD13D26004EE368 /* UIColor+Category.m in Sources */,
				7D2FF2122008935F00ECAA26 /* TestViewController.m in Sources */,
				7DFB1BE91FCFE8390033D9E2 /* presentViewController.m in Sources */,
				7D0DA83E1FC50D7000774E40 /* HuaHong.xcdatamodeld in Sources */,
				7DFB1BDC1FCFD4580033D9E2 /* UpLoadViewController.m in Sources */,
				7D5393BD2019746B006D2712 /* DrawController.m in Sources */,
				7D2FF0CC2004A3E300ECAA26 /* AddVideoController.m in Sources */,
				7DFB1BE31FCFE2420033D9E2 /* LightSinceController.m in Sources */,
				7DC24C962023001100103BDE /* CustomTransitionPush.m in Sources */,
			);
			runOnlyForDeploymentPostprocessing = 0;
		};
/* End PBXSourcesBuildPhase section */

/* Begin XCBuildConfiguration section */
		7D0DA8471FC50D7000774E40 /* Debug */ = {
			isa = XCBuildConfiguration;
			buildSettings = {
				ALWAYS_SEARCH_USER_PATHS = NO;
				CLANG_ANALYZER_NONNULL = YES;
				CLANG_ANALYZER_NUMBER_OBJECT_CONVERSION = YES_AGGRESSIVE;
				CLANG_CXX_LANGUAGE_STANDARD = "gnu++14";
				CLANG_CXX_LIBRARY = "libc++";
				CLANG_ENABLE_MODULES = YES;
				CLANG_ENABLE_OBJC_ARC = YES;
				CLANG_WARN_BLOCK_CAPTURE_AUTORELEASING = YES;
				CLANG_WARN_BOOL_CONVERSION = YES;
				CLANG_WARN_COMMA = YES;
				CLANG_WARN_CONSTANT_CONVERSION = YES;
				CLANG_WARN_DIRECT_OBJC_ISA_USAGE = YES_ERROR;
				CLANG_WARN_DOCUMENTATION_COMMENTS = YES;
				CLANG_WARN_EMPTY_BODY = YES;
				CLANG_WARN_ENUM_CONVERSION = YES;
				CLANG_WARN_INFINITE_RECURSION = YES;
				CLANG_WARN_INT_CONVERSION = YES;
				CLANG_WARN_NON_LITERAL_NULL_CONVERSION = YES;
				CLANG_WARN_OBJC_LITERAL_CONVERSION = YES;
				CLANG_WARN_OBJC_ROOT_CLASS = YES_ERROR;
				CLANG_WARN_RANGE_LOOP_ANALYSIS = YES;
				CLANG_WARN_STRICT_PROTOTYPES = YES;
				CLANG_WARN_SUSPICIOUS_MOVE = YES;
				CLANG_WARN_UNGUARDED_AVAILABILITY = YES_AGGRESSIVE;
				CLANG_WARN_UNREACHABLE_CODE = YES;
				CLANG_WARN__DUPLICATE_METHOD_MATCH = YES;
				CODE_SIGN_IDENTITY = "iPhone Developer";
				COPY_PHASE_STRIP = NO;
				DEBUG_INFORMATION_FORMAT = dwarf;
				ENABLE_STRICT_OBJC_MSGSEND = YES;
				ENABLE_TESTABILITY = YES;
				GCC_C_LANGUAGE_STANDARD = gnu11;
				GCC_DYNAMIC_NO_PIC = NO;
				GCC_NO_COMMON_BLOCKS = YES;
				GCC_OPTIMIZATION_LEVEL = 0;
				GCC_PRECOMPILE_PREFIX_HEADER = YES;
				GCC_PREFIX_HEADER = "$(SRCROOT)/Huahong/Huahong/PrefixHeader.pch";
				GCC_PREPROCESSOR_DEFINITIONS = (
					"DEBUG=1",
					"$(inherited)",
				);
				GCC_WARN_64_TO_32_BIT_CONVERSION = YES;
				GCC_WARN_ABOUT_RETURN_TYPE = YES_ERROR;
				GCC_WARN_UNDECLARED_SELECTOR = YES;
				GCC_WARN_UNINITIALIZED_AUTOS = YES_AGGRESSIVE;
				GCC_WARN_UNUSED_FUNCTION = YES;
				GCC_WARN_UNUSED_VARIABLE = YES;
				IPHONEOS_DEPLOYMENT_TARGET = 9.0;
				MTL_ENABLE_DEBUG_INFO = YES;
				ONLY_ACTIVE_ARCH = YES;
				SDKROOT = iphoneos;
			};
			name = Debug;
		};
		7D0DA8481FC50D7000774E40 /* Release */ = {
			isa = XCBuildConfiguration;
			buildSettings = {
				ALWAYS_SEARCH_USER_PATHS = NO;
				CLANG_ANALYZER_NONNULL = YES;
				CLANG_ANALYZER_NUMBER_OBJECT_CONVERSION = YES_AGGRESSIVE;
				CLANG_CXX_LANGUAGE_STANDARD = "gnu++14";
				CLANG_CXX_LIBRARY = "libc++";
				CLANG_ENABLE_MODULES = YES;
				CLANG_ENABLE_OBJC_ARC = YES;
				CLANG_WARN_BLOCK_CAPTURE_AUTORELEASING = YES;
				CLANG_WARN_BOOL_CONVERSION = YES;
				CLANG_WARN_COMMA = YES;
				CLANG_WARN_CONSTANT_CONVERSION = YES;
				CLANG_WARN_DIRECT_OBJC_ISA_USAGE = YES_ERROR;
				CLANG_WARN_DOCUMENTATION_COMMENTS = YES;
				CLANG_WARN_EMPTY_BODY = YES;
				CLANG_WARN_ENUM_CONVERSION = YES;
				CLANG_WARN_INFINITE_RECURSION = YES;
				CLANG_WARN_INT_CONVERSION = YES;
				CLANG_WARN_NON_LITERAL_NULL_CONVERSION = YES;
				CLANG_WARN_OBJC_LITERAL_CONVERSION = YES;
				CLANG_WARN_OBJC_ROOT_CLASS = YES_ERROR;
				CLANG_WARN_RANGE_LOOP_ANALYSIS = YES;
				CLANG_WARN_STRICT_PROTOTYPES = YES;
				CLANG_WARN_SUSPICIOUS_MOVE = YES;
				CLANG_WARN_UNGUARDED_AVAILABILITY = YES_AGGRESSIVE;
				CLANG_WARN_UNREACHABLE_CODE = YES;
				CLANG_WARN__DUPLICATE_METHOD_MATCH = YES;
				CODE_SIGN_IDENTITY = "iPhone Developer";
				COPY_PHASE_STRIP = NO;
				DEBUG_INFORMATION_FORMAT = "dwarf-with-dsym";
				ENABLE_NS_ASSERTIONS = NO;
				ENABLE_STRICT_OBJC_MSGSEND = YES;
				GCC_C_LANGUAGE_STANDARD = gnu11;
				GCC_NO_COMMON_BLOCKS = YES;
				GCC_PRECOMPILE_PREFIX_HEADER = YES;
				GCC_PREFIX_HEADER = "$(SRCROOT)/Huahong/Huahong/PrefixHeader.pch";
				GCC_WARN_64_TO_32_BIT_CONVERSION = YES;
				GCC_WARN_ABOUT_RETURN_TYPE = YES_ERROR;
				GCC_WARN_UNDECLARED_SELECTOR = YES;
				GCC_WARN_UNINITIALIZED_AUTOS = YES_AGGRESSIVE;
				GCC_WARN_UNUSED_FUNCTION = YES;
				GCC_WARN_UNUSED_VARIABLE = YES;
				IPHONEOS_DEPLOYMENT_TARGET = 9.0;
				MTL_ENABLE_DEBUG_INFO = NO;
				SDKROOT = iphoneos;
				VALIDATE_PRODUCT = YES;
			};
			name = Release;
		};
		7D0DA84A1FC50D7000774E40 /* Debug */ = {
			isa = XCBuildConfiguration;
			baseConfigurationReference = 9AB1874EA98924911D4A28EB /* Pods-HuaHong.debug.xcconfig */;
			buildSettings = {
				ASSETCATALOG_COMPILER_APPICON_NAME = AppIcon;
				CLANG_ENABLE_MODULES = YES;
				CODE_SIGN_ENTITLEMENTS = HuaHong/HuaHong.entitlements;
				"CODE_SIGN_IDENTITY[sdk=iphoneos*]" = "iPhone Developer";
				CODE_SIGN_STYLE = Manual;
				DEFINES_MODULE = NO;
				DEVELOPMENT_TEAM = 3PV33XPK7B;
				GCC_PRECOMPILE_PREFIX_HEADER = YES;
				GCC_PREFIX_HEADER = "$(SRCROOT)/HuaHong/PrefixHeader.pch";
				INFOPLIST_FILE = HuaHong/Info.plist;
				IPHONEOS_DEPLOYMENT_TARGET = 9.0;
				LD_RUNPATH_SEARCH_PATHS = "$(inherited) @executable_path/Frameworks";
				LIBRARY_SEARCH_PATHS = (
					"$(inherited)",
					"$(PROJECT_DIR)/Pods/BaiduMapKit/BaiduMapKit/thirdlibs",
				);
				PRODUCT_BUNDLE_IDENTIFIER = com.qk.TheHousing;
				PRODUCT_NAME = "$(TARGET_NAME)";
				PROVISIONING_PROFILE = "26d87935-2dfa-46fd-863e-40ceb4e6b807";
				PROVISIONING_PROFILE_SPECIFIER = TheHousingDev;
				SWIFT_OBJC_BRIDGING_HEADER = "HuaHong/Swift/HuaHong-Bridging-Header.h";
				SWIFT_OPTIMIZATION_LEVEL = "-Onone";
				SWIFT_VERSION = 3.0;
				TARGETED_DEVICE_FAMILY = "1,2";
			};
			name = Debug;
		};
		7D0DA84B1FC50D7000774E40 /* Release */ = {
			isa = XCBuildConfiguration;
			baseConfigurationReference = 6696974C8B0A708887FDD327 /* Pods-HuaHong.release.xcconfig */;
			buildSettings = {
				ASSETCATALOG_COMPILER_APPICON_NAME = AppIcon;
				CLANG_ENABLE_MODULES = YES;
				CODE_SIGN_ENTITLEMENTS = HuaHong/HuaHong.entitlements;
				"CODE_SIGN_IDENTITY[sdk=iphoneos*]" = "iPhone Distribution";
				CODE_SIGN_STYLE = Manual;
				DEFINES_MODULE = NO;
				DEVELOPMENT_TEAM = 3PV33XPK7B;
				GCC_PRECOMPILE_PREFIX_HEADER = YES;
				GCC_PREFIX_HEADER = "$(SRCROOT)/HuaHong/PrefixHeader.pch";
				INFOPLIST_FILE = HuaHong/Info.plist;
				IPHONEOS_DEPLOYMENT_TARGET = 9.0;
				LD_RUNPATH_SEARCH_PATHS = "$(inherited) @executable_path/Frameworks";
				LIBRARY_SEARCH_PATHS = (
					"$(inherited)",
					"$(PROJECT_DIR)/Pods/BaiduMapKit/BaiduMapKit/thirdlibs",
				);
				PRODUCT_BUNDLE_IDENTIFIER = com.qk.TheHousing;
				PRODUCT_NAME = "$(TARGET_NAME)";
				PROVISIONING_PROFILE = "076f5fd9-ffcd-443f-8f2c-818937bc35fa";
				PROVISIONING_PROFILE_SPECIFIER = TheHousing;
				SWIFT_OBJC_BRIDGING_HEADER = "HuaHong/首页/HuaHong-Bridging-Header.h";
				SWIFT_VERSION = 3.0;
				TARGETED_DEVICE_FAMILY = "1,2";
			};
			name = Release;
		};
/* End XCBuildConfiguration section */

/* Begin XCConfigurationList section */
		7D0DA82B1FC50D7000774E40 /* Build configuration list for PBXProject "HuaHong" */ = {
			isa = XCConfigurationList;
			buildConfigurations = (
				7D0DA8471FC50D7000774E40 /* Debug */,
				7D0DA8481FC50D7000774E40 /* Release */,
			);
			defaultConfigurationIsVisible = 0;
			defaultConfigurationName = Release;
		};
		7D0DA8491FC50D7000774E40 /* Build configuration list for PBXNativeTarget "HuaHong" */ = {
			isa = XCConfigurationList;
			buildConfigurations = (
				7D0DA84A1FC50D7000774E40 /* Debug */,
				7D0DA84B1FC50D7000774E40 /* Release */,
			);
			defaultConfigurationIsVisible = 0;
			defaultConfigurationName = Release;
		};
/* End XCConfigurationList section */

/* Begin XCVersionGroup section */
		7D0DA83C1FC50D7000774E40 /* HuaHong.xcdatamodeld */ = {
			isa = XCVersionGroup;
			children = (
				7D0DA83D1FC50D7000774E40 /* HuaHong.xcdatamodel */,
			);
			currentVersion = 7D0DA83D1FC50D7000774E40 /* HuaHong.xcdatamodel */;
			path = HuaHong.xcdatamodeld;
			sourceTree = "<group>";
			versionGroupType = wrapper.xcdatamodel;
		};
/* End XCVersionGroup section */
	};
	rootObject = 7D0DA8281FC50D7000774E40 /* Project object */;
}
